// !$*UTF8*$!
{
	archiveVersion = 1;
	classes = {
	};
	objectVersion = 46;
	objects = {

/* Begin PBXBuildFile section */
		41208A351AD7244A009C4FC2 /* AppUser.xcdatamodeld in Sources */ = {isa = PBXBuildFile; fileRef = 41208A331AD7244A009C4FC2 /* AppUser.xcdatamodeld */; };
		41208A3C1AD725CC009C4FC2 /* AppUser.m in Sources */ = {isa = PBXBuildFile; fileRef = 41208A3B1AD725CC009C4FC2 /* AppUser.m */; };
		41208A441AD8482B009C4FC2 /* PreferenceUtil.m in Sources */ = {isa = PBXBuildFile; fileRef = 41208A431AD8482B009C4FC2 /* PreferenceUtil.m */; };
		41208A491AD8A126009C4FC2 /* MessageUI.framework in Frameworks */ = {isa = PBXBuildFile; fileRef = 41208A481AD8A126009C4FC2 /* MessageUI.framework */; };
		41208A4F1AD8DCAA009C4FC2 /* CustomNavigationController.m in Sources */ = {isa = PBXBuildFile; fileRef = 41208A4E1AD8DCAA009C4FC2 /* CustomNavigationController.m */; };
		4157369D1AD59ED4005B38DF /* EvercamRights.m in Sources */ = {isa = PBXBuildFile; fileRef = 4157369C1AD59ED4005B38DF /* EvercamRights.m */; };
		41BEFB421AD609A10016ACCA /* CameraPlayViewController.m in Sources */ = {isa = PBXBuildFile; fileRef = 41BEFB401AD609A10016ACCA /* CameraPlayViewController.m */; };
		41BEFB431AD609A10016ACCA /* CameraPlayViewController.xib in Resources */ = {isa = PBXBuildFile; fileRef = 41BEFB411AD609A10016ACCA /* CameraPlayViewController.xib */; };
		41BEFB4A1AD6CE7F0016ACCA /* VideoToolbox.framework in Frameworks */ = {isa = PBXBuildFile; fileRef = 41BEFB491AD6CE7F0016ACCA /* VideoToolbox.framework */; };
		41BEFB4C1AD6CE880016ACCA /* CoreGraphics.framework in Frameworks */ = {isa = PBXBuildFile; fileRef = 41BEFB4B1AD6CE880016ACCA /* CoreGraphics.framework */; };
		41BEFB5B1AD6D0630016ACCA /* EaglUIVIew.m in Sources */ = {isa = PBXBuildFile; fileRef = 41BEFB561AD6D0630016ACCA /* EaglUIVIew.m */; };
		41BEFB5C1AD6D0630016ACCA /* gst_ios_init.m in Sources */ = {isa = PBXBuildFile; fileRef = 41BEFB581AD6D0630016ACCA /* gst_ios_init.m */; };
		41BEFB5D1AD6D0630016ACCA /* gst-launch-remote.c in Sources */ = {isa = PBXBuildFile; fileRef = 41BEFB591AD6D0630016ACCA /* gst-launch-remote.c */; };
		41BEFB651AD6DB480016ACCA /* libstdc++.dylib in Frameworks */ = {isa = PBXBuildFile; fileRef = 41BEFB641AD6DB480016ACCA /* libstdc++.dylib */; };
		41BEFB671AD6DB560016ACCA /* libresolv.dylib in Frameworks */ = {isa = PBXBuildFile; fileRef = 41BEFB661AD6DB560016ACCA /* libresolv.dylib */; };
		41BEFB691AD6DBAA0016ACCA /* CoreFoundation.framework in Frameworks */ = {isa = PBXBuildFile; fileRef = 41BEFB681AD6DBAA0016ACCA /* CoreFoundation.framework */; };
		41BEFB6B1AD6DBB50016ACCA /* AVFoundation.framework in Frameworks */ = {isa = PBXBuildFile; fileRef = 41BEFB6A1AD6DBB50016ACCA /* AVFoundation.framework */; };
		41BEFB6D1AD6DBD30016ACCA /* CoreMedia.framework in Frameworks */ = {isa = PBXBuildFile; fileRef = 41BEFB6C1AD6DBD30016ACCA /* CoreMedia.framework */; };
		41BEFB6F1AD6DBE40016ACCA /* CoreVideo.framework in Frameworks */ = {isa = PBXBuildFile; fileRef = 41BEFB6E1AD6DBE40016ACCA /* CoreVideo.framework */; };
		41BEFB711AD6DBE80016ACCA /* CoreAudio.framework in Frameworks */ = {isa = PBXBuildFile; fileRef = 41BEFB701AD6DBE80016ACCA /* CoreAudio.framework */; };
		41BEFB731AD6DBF80016ACCA /* AudioToolbox.framework in Frameworks */ = {isa = PBXBuildFile; fileRef = 41BEFB721AD6DBF80016ACCA /* AudioToolbox.framework */; };
		41BEFB751AD6DC020016ACCA /* OpenGLES.framework in Frameworks */ = {isa = PBXBuildFile; fileRef = 41BEFB741AD6DC020016ACCA /* OpenGLES.framework */; };
		41BEFB771AD6DC0E0016ACCA /* AssetsLibrary.framework in Frameworks */ = {isa = PBXBuildFile; fileRef = 41BEFB761AD6DC0E0016ACCA /* AssetsLibrary.framework */; };
		41BEFB791AD6DC180016ACCA /* QuartzCore.framework in Frameworks */ = {isa = PBXBuildFile; fileRef = 41BEFB781AD6DC180016ACCA /* QuartzCore.framework */; };
		41BEFB7B1AD6DC8E0016ACCA /* libstdc++.6.dylib in Frameworks */ = {isa = PBXBuildFile; fileRef = 41BEFB7A1AD6DC8E0016ACCA /* libstdc++.6.dylib */; };
		41BEFB7D1AD708730016ACCA /* icon_offline.png in Resources */ = {isa = PBXBuildFile; fileRef = 41BEFB7C1AD708730016ACCA /* icon_offline.png */; };
		CB01CDB01ABD675100420CE1 /* NIDropDown.m in Sources */ = {isa = PBXBuildFile; fileRef = CB01CDAF1ABD675100420CE1 /* NIDropDown.m */; };
		CB01CDB41ABDFC9F00420CE1 /* MBProgressHUD.m in Sources */ = {isa = PBXBuildFile; fileRef = CB01CDB31ABDFC9F00420CE1 /* MBProgressHUD.m */; };
		CB01CDB71ABE057E00420CE1 /* EvercamCameraUtil.m in Sources */ = {isa = PBXBuildFile; fileRef = CB01CDB61ABE057E00420CE1 /* EvercamCameraUtil.m */; };
		CB01CDBA1AC00AFB00420CE1 /* EvercamCamera.m in Sources */ = {isa = PBXBuildFile; fileRef = CB01CDB91AC00AFB00420CE1 /* EvercamCamera.m */; };
		CB1C76541AAB144800680FE3 /* main.m in Sources */ = {isa = PBXBuildFile; fileRef = CB1C76531AAB144800680FE3 /* main.m */; };
		CB1C76571AAB144800680FE3 /* AppDelegate.m in Sources */ = {isa = PBXBuildFile; fileRef = CB1C76561AAB144800680FE3 /* AppDelegate.m */; };
		CB1C765D1AAB144800680FE3 /* Main.storyboard in Resources */ = {isa = PBXBuildFile; fileRef = CB1C765B1AAB144800680FE3 /* Main.storyboard */; };
		CB1C765F1AAB144800680FE3 /* Images.xcassets in Resources */ = {isa = PBXBuildFile; fileRef = CB1C765E1AAB144800680FE3 /* Images.xcassets */; };
		CB1C766E1AAB144900680FE3 /* evercamPlayTests.m in Sources */ = {isa = PBXBuildFile; fileRef = CB1C766D1AAB144900680FE3 /* evercamPlayTests.m */; };
		CB1C767B1AAB7DE900680FE3 /* SWRevealViewController.m in Sources */ = {isa = PBXBuildFile; fileRef = CB1C767A1AAB7DE900680FE3 /* SWRevealViewController.m */; };
		CB1C76B21AAB871A00680FE3 /* btn_radio_off_disabled_focused_holo_dark.png in Resources */ = {isa = PBXBuildFile; fileRef = CB1C768A1AAB871A00680FE3 /* btn_radio_off_disabled_focused_holo_dark.png */; };
		CB1C76B31AAB871A00680FE3 /* btn_radio_off_disabled_holo_dark.png in Resources */ = {isa = PBXBuildFile; fileRef = CB1C768B1AAB871A00680FE3 /* btn_radio_off_disabled_holo_dark.png */; };
		CB1C76B41AAB871A00680FE3 /* btn_radio_off_focused_holo_dark.png in Resources */ = {isa = PBXBuildFile; fileRef = CB1C768C1AAB871A00680FE3 /* btn_radio_off_focused_holo_dark.png */; };
		CB1C76B51AAB871A00680FE3 /* btn_radio_off_holo_dark.png in Resources */ = {isa = PBXBuildFile; fileRef = CB1C768D1AAB871A00680FE3 /* btn_radio_off_holo_dark.png */; };
		CB1C76B61AAB871A00680FE3 /* btn_radio_off_pressed_holo_dark.png in Resources */ = {isa = PBXBuildFile; fileRef = CB1C768E1AAB871A00680FE3 /* btn_radio_off_pressed_holo_dark.png */; };
		CB1C76B71AAB871A00680FE3 /* btn_radio_on_disabled_focused_holo_dark.png in Resources */ = {isa = PBXBuildFile; fileRef = CB1C768F1AAB871A00680FE3 /* btn_radio_on_disabled_focused_holo_dark.png */; };
		CB1C76B81AAB871A00680FE3 /* btn_radio_on_disabled_holo_dark.png in Resources */ = {isa = PBXBuildFile; fileRef = CB1C76901AAB871A00680FE3 /* btn_radio_on_disabled_holo_dark.png */; };
		CB1C76B91AAB871A00680FE3 /* btn_radio_on_focused_holo_dark.png in Resources */ = {isa = PBXBuildFile; fileRef = CB1C76911AAB871A00680FE3 /* btn_radio_on_focused_holo_dark.png */; };
		CB1C76BA1AAB871A00680FE3 /* btn_radio_on_holo_dark.png in Resources */ = {isa = PBXBuildFile; fileRef = CB1C76921AAB871A00680FE3 /* btn_radio_on_holo_dark.png */; };
		CB1C76BB1AAB871A00680FE3 /* btn_radio_on_pressed_holo_dark.png in Resources */ = {isa = PBXBuildFile; fileRef = CB1C76931AAB871A00680FE3 /* btn_radio_on_pressed_holo_dark.png */; };
		CB1C76BC1AAB871A00680FE3 /* cam_unavailable.png in Resources */ = {isa = PBXBuildFile; fileRef = CB1C76941AAB871A00680FE3 /* cam_unavailable.png */; };
		CB1C76BD1AAB871A00680FE3 /* dot_off_red.png in Resources */ = {isa = PBXBuildFile; fileRef = CB1C76951AAB871A00680FE3 /* dot_off_red.png */; };
		CB1C76BE1AAB871A00680FE3 /* dot_on_red.png in Resources */ = {isa = PBXBuildFile; fileRef = CB1C76961AAB871A00680FE3 /* dot_on_red.png */; };
		CB1C76C11AAB871A00680FE3 /* evercamtheme_textfield_activated_holo_dark.9.png in Resources */ = {isa = PBXBuildFile; fileRef = CB1C76991AAB871A00680FE3 /* evercamtheme_textfield_activated_holo_dark.9.png */; };
		CB1C76C21AAB871A00680FE3 /* evercamtheme_textfield_default_holo_dark.9.png in Resources */ = {isa = PBXBuildFile; fileRef = CB1C769A1AAB871A00680FE3 /* evercamtheme_textfield_default_holo_dark.9.png */; };
		CB1C76C31AAB871A00680FE3 /* evercamtheme_textfield_disabled_focused_holo_dark.9.png in Resources */ = {isa = PBXBuildFile; fileRef = CB1C769B1AAB871A00680FE3 /* evercamtheme_textfield_disabled_focused_holo_dark.9.png */; };
		CB1C76C41AAB871A00680FE3 /* evercamtheme_textfield_disabled_holo_dark.9.png in Resources */ = {isa = PBXBuildFile; fileRef = CB1C769C1AAB871A00680FE3 /* evercamtheme_textfield_disabled_holo_dark.9.png */; };
		CB1C76C51AAB871A00680FE3 /* evercamtheme_textfield_focused_holo_dark.9.png in Resources */ = {isa = PBXBuildFile; fileRef = CB1C769D1AAB871A00680FE3 /* evercamtheme_textfield_focused_holo_dark.9.png */; };
		CB1C76C61AAB871A00680FE3 /* hikvision.png in Resources */ = {isa = PBXBuildFile; fileRef = CB1C769E1AAB871A00680FE3 /* hikvision.png */; };
		CB1C76C71AAB871A00680FE3 /* ic_action_new.png in Resources */ = {isa = PBXBuildFile; fileRef = CB1C769F1AAB871A00680FE3 /* ic_action_new.png */; };
		CB1C76C81AAB871A00680FE3 /* ic_action_overflow.png in Resources */ = {isa = PBXBuildFile; fileRef = CB1C76A01AAB871A00680FE3 /* ic_action_overflow.png */; };
		CB1C76C91AAB871A00680FE3 /* ic_action_refresh.png in Resources */ = {isa = PBXBuildFile; fileRef = CB1C76A11AAB871A00680FE3 /* ic_action_refresh.png */; };
		CB1C76CA1AAB871A00680FE3 /* ic_action_save.png in Resources */ = {isa = PBXBuildFile; fileRef = CB1C76A21AAB871A00680FE3 /* ic_action_save.png */; };
		CB1C76CB1AAB871A00680FE3 /* ic_add_person.png in Resources */ = {isa = PBXBuildFile; fileRef = CB1C76A31AAB871A00680FE3 /* ic_add_person.png */; };
		CB1C76CC1AAB871A00680FE3 /* ic_clock.png in Resources */ = {isa = PBXBuildFile; fileRef = CB1C76A41AAB871A00680FE3 /* ic_clock.png */; };
		CB1C76CD1AAB871A00680FE3 /* ic_content_undo.png in Resources */ = {isa = PBXBuildFile; fileRef = CB1C76A51AAB871A00680FE3 /* ic_content_undo.png */; };
		CB1C76CE1AAB871A00680FE3 /* ic_navigation_back.png in Resources */ = {isa = PBXBuildFile; fileRef = CB1C76A61AAB871A00680FE3 /* ic_navigation_back.png */; };
		CB1C76CF1AAB871A00680FE3 /* ic_navigation_cancel.png in Resources */ = {isa = PBXBuildFile; fileRef = CB1C76A71AAB871A00680FE3 /* ic_navigation_cancel.png */; };
		CB1C76D01AAB871A00680FE3 /* ic_navigation_refresh.png in Resources */ = {isa = PBXBuildFile; fileRef = CB1C76A81AAB871A00680FE3 /* ic_navigation_refresh.png */; };
		CB1C76D11AAB871A00680FE3 /* ic_person.png in Resources */ = {isa = PBXBuildFile; fileRef = CB1C76A91AAB871A00680FE3 /* ic_person.png */; };
		CB1C76D21AAB871A00680FE3 /* evercam_icon.png in Resources */ = {isa = PBXBuildFile; fileRef = CB1C76AA1AAB871A00680FE3 /* evercam_icon.png */; };
		CB1C76D51AAB871A00680FE3 /* icon_gallery.png in Resources */ = {isa = PBXBuildFile; fileRef = CB1C76AD1AAB871A00680FE3 /* icon_gallery.png */; };
		CB1C76D61AAB871A00680FE3 /* play_page_feature.png in Resources */ = {isa = PBXBuildFile; fileRef = CB1C76AE1AAB871A00680FE3 /* play_page_feature.png */; };
		CB1C76D71AAB871A00680FE3 /* play_page_intro.png in Resources */ = {isa = PBXBuildFile; fileRef = CB1C76AF1AAB871A00680FE3 /* play_page_intro.png */; };
		CB1C76D81AAB871A00680FE3 /* play_page_next.png in Resources */ = {isa = PBXBuildFile; fileRef = CB1C76B01AAB871A00680FE3 /* play_page_next.png */; };
		CB1C76D91AAB871A00680FE3 /* title_background.png in Resources */ = {isa = PBXBuildFile; fileRef = CB1C76B11AAB871A00680FE3 /* title_background.png */; };
		CB1C76FC1AAD834700680FE3 /* UILabel+ActionSheet.m in Sources */ = {isa = PBXBuildFile; fileRef = CB1C76FB1AAD834700680FE3 /* UILabel+ActionSheet.m */; };
		CB1C77151AAE1A4400680FE3 /* UIAlertController+NoBorderText.m in Sources */ = {isa = PBXBuildFile; fileRef = CB1C77141AAE1A4400680FE3 /* UIAlertController+NoBorderText.m */; };
		CB44E83B1AAE9DD800A78C11 /* AFHTTPRequestOperation.m in Sources */ = {isa = PBXBuildFile; fileRef = CB44E8131AAE9DD800A78C11 /* AFHTTPRequestOperation.m */; };
		CB44E83C1AAE9DD800A78C11 /* AFHTTPRequestOperationManager.m in Sources */ = {isa = PBXBuildFile; fileRef = CB44E8151AAE9DD800A78C11 /* AFHTTPRequestOperationManager.m */; };
		CB44E83D1AAE9DD800A78C11 /* AFURLConnectionOperation.m in Sources */ = {isa = PBXBuildFile; fileRef = CB44E8171AAE9DD800A78C11 /* AFURLConnectionOperation.m */; };
		CB44E83E1AAE9DD800A78C11 /* AFHTTPSessionManager.m in Sources */ = {isa = PBXBuildFile; fileRef = CB44E81A1AAE9DD800A78C11 /* AFHTTPSessionManager.m */; };
		CB44E83F1AAE9DD800A78C11 /* AFURLSessionManager.m in Sources */ = {isa = PBXBuildFile; fileRef = CB44E81C1AAE9DD800A78C11 /* AFURLSessionManager.m */; };
		CB44E8401AAE9DD800A78C11 /* AFNetworkReachabilityManager.m in Sources */ = {isa = PBXBuildFile; fileRef = CB44E81F1AAE9DD800A78C11 /* AFNetworkReachabilityManager.m */; };
		CB44E8411AAE9DD800A78C11 /* AFSecurityPolicy.m in Sources */ = {isa = PBXBuildFile; fileRef = CB44E8221AAE9DD800A78C11 /* AFSecurityPolicy.m */; };
		CB44E8421AAE9DD800A78C11 /* AFURLRequestSerialization.m in Sources */ = {isa = PBXBuildFile; fileRef = CB44E8251AAE9DD800A78C11 /* AFURLRequestSerialization.m */; };
		CB44E8431AAE9DD800A78C11 /* AFURLResponseSerialization.m in Sources */ = {isa = PBXBuildFile; fileRef = CB44E8271AAE9DD800A78C11 /* AFURLResponseSerialization.m */; };
		CB44E8441AAE9DD800A78C11 /* AFNetworkActivityIndicatorManager.m in Sources */ = {isa = PBXBuildFile; fileRef = CB44E82A1AAE9DD800A78C11 /* AFNetworkActivityIndicatorManager.m */; };
		CB44E8451AAE9DD800A78C11 /* UIActivityIndicatorView+AFNetworking.m in Sources */ = {isa = PBXBuildFile; fileRef = CB44E82C1AAE9DD800A78C11 /* UIActivityIndicatorView+AFNetworking.m */; };
		CB44E8461AAE9DD800A78C11 /* UIAlertView+AFNetworking.m in Sources */ = {isa = PBXBuildFile; fileRef = CB44E82E1AAE9DD800A78C11 /* UIAlertView+AFNetworking.m */; };
		CB44E8471AAE9DD800A78C11 /* UIButton+AFNetworking.m in Sources */ = {isa = PBXBuildFile; fileRef = CB44E8301AAE9DD800A78C11 /* UIButton+AFNetworking.m */; };
		CB44E8481AAE9DD800A78C11 /* UIImageView+AFNetworking.m in Sources */ = {isa = PBXBuildFile; fileRef = CB44E8321AAE9DD800A78C11 /* UIImageView+AFNetworking.m */; };
		CB44E8491AAE9DD800A78C11 /* UIProgressView+AFNetworking.m in Sources */ = {isa = PBXBuildFile; fileRef = CB44E8351AAE9DD800A78C11 /* UIProgressView+AFNetworking.m */; };
		CB44E84A1AAE9DD800A78C11 /* UIRefreshControl+AFNetworking.m in Sources */ = {isa = PBXBuildFile; fileRef = CB44E8371AAE9DD800A78C11 /* UIRefreshControl+AFNetworking.m */; };
		CB44E84B1AAE9DD800A78C11 /* UIWebView+AFNetworking.m in Sources */ = {isa = PBXBuildFile; fileRef = CB44E8391AAE9DD800A78C11 /* UIWebView+AFNetworking.m */; };
		CB44E86E1AAE9E7D00A78C11 /* AccountsViewController.m in Sources */ = {isa = PBXBuildFile; fileRef = CB44E8501AAE9E7D00A78C11 /* AccountsViewController.m */; };
		CB44E86F1AAE9E7D00A78C11 /* AccountsViewController.xib in Resources */ = {isa = PBXBuildFile; fileRef = CB44E8511AAE9E7D00A78C11 /* AccountsViewController.xib */; };
		CB44E8701AAE9E7D00A78C11 /* CamerasViewController.m in Sources */ = {isa = PBXBuildFile; fileRef = CB44E8531AAE9E7D00A78C11 /* CamerasViewController.m */; };
		CB44E8711AAE9E7D00A78C11 /* CamerasViewController.xib in Resources */ = {isa = PBXBuildFile; fileRef = CB44E8541AAE9E7D00A78C11 /* CamerasViewController.xib */; };
		CB44E8721AAE9E7D00A78C11 /* FeedbackViewController.m in Sources */ = {isa = PBXBuildFile; fileRef = CB44E8561AAE9E7D00A78C11 /* FeedbackViewController.m */; };
		CB44E8731AAE9E7D00A78C11 /* FeedbackViewController.xib in Resources */ = {isa = PBXBuildFile; fileRef = CB44E8571AAE9E7D00A78C11 /* FeedbackViewController.xib */; };
		CB44E8741AAE9E7D00A78C11 /* LoginViewController.m in Sources */ = {isa = PBXBuildFile; fileRef = CB44E8591AAE9E7D00A78C11 /* LoginViewController.m */; };
		CB44E8751AAE9E7D00A78C11 /* LoginViewController.xib in Resources */ = {isa = PBXBuildFile; fileRef = CB44E85A1AAE9E7D00A78C11 /* LoginViewController.xib */; };
		CB44E8761AAE9E7D00A78C11 /* MenuViewController.m in Sources */ = {isa = PBXBuildFile; fileRef = CB44E85C1AAE9E7D00A78C11 /* MenuViewController.m */; };
		CB44E8771AAE9E7D00A78C11 /* MenuViewController.xib in Resources */ = {isa = PBXBuildFile; fileRef = CB44E85D1AAE9E7D00A78C11 /* MenuViewController.xib */; };
		CB44E8781AAE9E7D00A78C11 /* SettingsViewController.m in Sources */ = {isa = PBXBuildFile; fileRef = CB44E85F1AAE9E7D00A78C11 /* SettingsViewController.m */; };
		CB44E8791AAE9E7D00A78C11 /* SettingsViewController.xib in Resources */ = {isa = PBXBuildFile; fileRef = CB44E8601AAE9E7D00A78C11 /* SettingsViewController.xib */; };
		CB44E87A1AAE9E7D00A78C11 /* SignupViewController.m in Sources */ = {isa = PBXBuildFile; fileRef = CB44E8621AAE9E7D00A78C11 /* SignupViewController.m */; };
		CB44E87B1AAE9E7D00A78C11 /* SignupViewController.xib in Resources */ = {isa = PBXBuildFile; fileRef = CB44E8631AAE9E7D00A78C11 /* SignupViewController.xib */; };
		CB44E87C1AAE9E7D00A78C11 /* WelcomeViewController.m in Sources */ = {isa = PBXBuildFile; fileRef = CB44E8651AAE9E7D00A78C11 /* WelcomeViewController.m */; };
		CB44E87D1AAE9E7D00A78C11 /* WelcomeViewController.xib in Resources */ = {isa = PBXBuildFile; fileRef = CB44E8661AAE9E7D00A78C11 /* WelcomeViewController.xib */; };
		CB44E87E1AAE9E7D00A78C11 /* AccountCell.m in Sources */ = {isa = PBXBuildFile; fileRef = CB44E8691AAE9E7D00A78C11 /* AccountCell.m */; };
		CB44E87F1AAE9E7D00A78C11 /* AccountCell.xib in Resources */ = {isa = PBXBuildFile; fileRef = CB44E86A1AAE9E7D00A78C11 /* AccountCell.xib */; };
		CB44E8801AAE9E7D00A78C11 /* AddAccountCell.m in Sources */ = {isa = PBXBuildFile; fileRef = CB44E86C1AAE9E7D00A78C11 /* AddAccountCell.m */; };
		CB44E8811AAE9E7D00A78C11 /* AddAccountCell.xib in Resources */ = {isa = PBXBuildFile; fileRef = CB44E86D1AAE9E7D00A78C11 /* AddAccountCell.xib */; };
		CB44E8831AAEA03300A78C11 /* Default-568h@2x.png in Resources */ = {isa = PBXBuildFile; fileRef = CB44E8821AAEA03300A78C11 /* Default-568h@2x.png */; };
		CB44E8861AAED4E700A78C11 /* EvercamShell.m in Sources */ = {isa = PBXBuildFile; fileRef = CB44E8851AAED4E700A78C11 /* EvercamShell.m */; };
		CB44E8891AAED82000A78C11 /* AFEvercamAPIClient.m in Sources */ = {isa = PBXBuildFile; fileRef = CB44E8881AAED82000A78C11 /* AFEvercamAPIClient.m */; };
		CB44E88C1AAEDD2D00A78C11 /* EvercamApiKeyPair.m in Sources */ = {isa = PBXBuildFile; fileRef = CB44E88B1AAEDD2D00A78C11 /* EvercamApiKeyPair.m */; };
		CB840D1B1ACAF36D00F289A9 /* AsyncImageView.m in Sources */ = {isa = PBXBuildFile; fileRef = CB840D161ACAF36D00F289A9 /* AsyncImageView.m */; settings = {COMPILER_FLAGS = "-fno-objc-arc"; }; };
		CB840D1C1ACAF36D00F289A9 /* ImageCache.m in Sources */ = {isa = PBXBuildFile; fileRef = CB840D181ACAF36D00F289A9 /* ImageCache.m */; settings = {COMPILER_FLAGS = "-fno-objc-arc"; }; };
		CB840D1D1ACAF36D00F289A9 /* ImageCacheObject.m in Sources */ = {isa = PBXBuildFile; fileRef = CB840D1A1ACAF36D00F289A9 /* ImageCacheObject.m */; settings = {COMPILER_FLAGS = "-fno-objc-arc"; }; };
		CB840D211ACAF38900F289A9 /* CameraViewCell.m in Sources */ = {isa = PBXBuildFile; fileRef = CB840D1F1ACAF38900F289A9 /* CameraViewCell.m */; };
		CB840D221ACAF38900F289A9 /* CameraViewCell.xib in Resources */ = {isa = PBXBuildFile; fileRef = CB840D201ACAF38900F289A9 /* CameraViewCell.xib */; };
		CB92361D1AB2DABF0031E23A /* EvercamUser.m in Sources */ = {isa = PBXBuildFile; fileRef = CB92361C1AB2DABF0031E23A /* EvercamUser.m */; };
		CBBF50AC1AD976AD0008679E /* GStreamer.framework in Frameworks */ = {isa = PBXBuildFile; fileRef = CBBF50AB1AD976AD0008679E /* GStreamer.framework */; };
/* End PBXBuildFile section */

/* Begin PBXContainerItemProxy section */
		CB1C76681AAB144900680FE3 /* PBXContainerItemProxy */ = {
			isa = PBXContainerItemProxy;
			containerPortal = CB1C76461AAB144700680FE3 /* Project object */;
			proxyType = 1;
			remoteGlobalIDString = CB1C764D1AAB144700680FE3;
			remoteInfo = evercamPlay;
		};
/* End PBXContainerItemProxy section */

/* Begin PBXFileReference section */
		41208A341AD7244A009C4FC2 /* AppUser.xcdatamodel */ = {isa = PBXFileReference; lastKnownFileType = wrapper.xcdatamodel; path = AppUser.xcdatamodel; sourceTree = "<group>"; };
		41208A3A1AD725CC009C4FC2 /* AppUser.h */ = {isa = PBXFileReference; fileEncoding = 4; lastKnownFileType = sourcecode.c.h; path = AppUser.h; sourceTree = "<group>"; };
		41208A3B1AD725CC009C4FC2 /* AppUser.m */ = {isa = PBXFileReference; fileEncoding = 4; lastKnownFileType = sourcecode.c.objc; path = AppUser.m; sourceTree = "<group>"; };
		41208A421AD8482B009C4FC2 /* PreferenceUtil.h */ = {isa = PBXFileReference; fileEncoding = 4; lastKnownFileType = sourcecode.c.h; path = PreferenceUtil.h; sourceTree = "<group>"; };
		41208A431AD8482B009C4FC2 /* PreferenceUtil.m */ = {isa = PBXFileReference; fileEncoding = 4; lastKnownFileType = sourcecode.c.objc; path = PreferenceUtil.m; sourceTree = "<group>"; };
		41208A481AD8A126009C4FC2 /* MessageUI.framework */ = {isa = PBXFileReference; lastKnownFileType = wrapper.framework; name = MessageUI.framework; path = System/Library/Frameworks/MessageUI.framework; sourceTree = SDKROOT; };
		41208A4D1AD8DCAA009C4FC2 /* CustomNavigationController.h */ = {isa = PBXFileReference; fileEncoding = 4; lastKnownFileType = sourcecode.c.h; path = CustomNavigationController.h; sourceTree = "<group>"; };
		41208A4E1AD8DCAA009C4FC2 /* CustomNavigationController.m */ = {isa = PBXFileReference; fileEncoding = 4; lastKnownFileType = sourcecode.c.objc; path = CustomNavigationController.m; sourceTree = "<group>"; };
		4157369B1AD59ED4005B38DF /* EvercamRights.h */ = {isa = PBXFileReference; fileEncoding = 4; lastKnownFileType = sourcecode.c.h; path = EvercamRights.h; sourceTree = "<group>"; };
		4157369C1AD59ED4005B38DF /* EvercamRights.m */ = {isa = PBXFileReference; fileEncoding = 4; lastKnownFileType = sourcecode.c.objc; path = EvercamRights.m; sourceTree = "<group>"; };
		41BEFB3F1AD609A10016ACCA /* CameraPlayViewController.h */ = {isa = PBXFileReference; fileEncoding = 4; lastKnownFileType = sourcecode.c.h; path = CameraPlayViewController.h; sourceTree = "<group>"; };
		41BEFB401AD609A10016ACCA /* CameraPlayViewController.m */ = {isa = PBXFileReference; fileEncoding = 4; lastKnownFileType = sourcecode.c.objc; path = CameraPlayViewController.m; sourceTree = "<group>"; };
		41BEFB411AD609A10016ACCA /* CameraPlayViewController.xib */ = {isa = PBXFileReference; fileEncoding = 4; lastKnownFileType = file.xib; path = CameraPlayViewController.xib; sourceTree = "<group>"; };
		41BEFB491AD6CE7F0016ACCA /* VideoToolbox.framework */ = {isa = PBXFileReference; lastKnownFileType = wrapper.framework; name = VideoToolbox.framework; path = System/Library/Frameworks/VideoToolbox.framework; sourceTree = SDKROOT; };
		41BEFB4B1AD6CE880016ACCA /* CoreGraphics.framework */ = {isa = PBXFileReference; lastKnownFileType = wrapper.framework; name = CoreGraphics.framework; path = System/Library/Frameworks/CoreGraphics.framework; sourceTree = SDKROOT; };
		41BEFB551AD6D0630016ACCA /* EaglUIVIew.h */ = {isa = PBXFileReference; fileEncoding = 4; lastKnownFileType = sourcecode.c.h; path = EaglUIVIew.h; sourceTree = "<group>"; };
		41BEFB561AD6D0630016ACCA /* EaglUIVIew.m */ = {isa = PBXFileReference; fileEncoding = 4; lastKnownFileType = sourcecode.c.objc; path = EaglUIVIew.m; sourceTree = "<group>"; };
		41BEFB571AD6D0630016ACCA /* gst_ios_init.h */ = {isa = PBXFileReference; fileEncoding = 4; lastKnownFileType = sourcecode.c.h; path = gst_ios_init.h; sourceTree = "<group>"; };
		41BEFB581AD6D0630016ACCA /* gst_ios_init.m */ = {isa = PBXFileReference; fileEncoding = 4; lastKnownFileType = sourcecode.c.objc; path = gst_ios_init.m; sourceTree = "<group>"; };
		41BEFB591AD6D0630016ACCA /* gst-launch-remote.c */ = {isa = PBXFileReference; fileEncoding = 4; lastKnownFileType = sourcecode.c.c; path = "gst-launch-remote.c"; sourceTree = "<group>"; };
		41BEFB5A1AD6D0630016ACCA /* gst-launch-remote.h */ = {isa = PBXFileReference; fileEncoding = 4; lastKnownFileType = sourcecode.c.h; path = "gst-launch-remote.h"; sourceTree = "<group>"; };
		41BEFB641AD6DB480016ACCA /* libstdc++.dylib */ = {isa = PBXFileReference; lastKnownFileType = "compiled.mach-o.dylib"; name = "libstdc++.dylib"; path = "usr/lib/libstdc++.dylib"; sourceTree = SDKROOT; };
		41BEFB661AD6DB560016ACCA /* libresolv.dylib */ = {isa = PBXFileReference; lastKnownFileType = "compiled.mach-o.dylib"; name = libresolv.dylib; path = usr/lib/libresolv.dylib; sourceTree = SDKROOT; };
		41BEFB681AD6DBAA0016ACCA /* CoreFoundation.framework */ = {isa = PBXFileReference; lastKnownFileType = wrapper.framework; name = CoreFoundation.framework; path = System/Library/Frameworks/CoreFoundation.framework; sourceTree = SDKROOT; };
		41BEFB6A1AD6DBB50016ACCA /* AVFoundation.framework */ = {isa = PBXFileReference; lastKnownFileType = wrapper.framework; name = AVFoundation.framework; path = System/Library/Frameworks/AVFoundation.framework; sourceTree = SDKROOT; };
		41BEFB6C1AD6DBD30016ACCA /* CoreMedia.framework */ = {isa = PBXFileReference; lastKnownFileType = wrapper.framework; name = CoreMedia.framework; path = System/Library/Frameworks/CoreMedia.framework; sourceTree = SDKROOT; };
		41BEFB6E1AD6DBE40016ACCA /* CoreVideo.framework */ = {isa = PBXFileReference; lastKnownFileType = wrapper.framework; name = CoreVideo.framework; path = System/Library/Frameworks/CoreVideo.framework; sourceTree = SDKROOT; };
		41BEFB701AD6DBE80016ACCA /* CoreAudio.framework */ = {isa = PBXFileReference; lastKnownFileType = wrapper.framework; name = CoreAudio.framework; path = System/Library/Frameworks/CoreAudio.framework; sourceTree = SDKROOT; };
		41BEFB721AD6DBF80016ACCA /* AudioToolbox.framework */ = {isa = PBXFileReference; lastKnownFileType = wrapper.framework; name = AudioToolbox.framework; path = System/Library/Frameworks/AudioToolbox.framework; sourceTree = SDKROOT; };
		41BEFB741AD6DC020016ACCA /* OpenGLES.framework */ = {isa = PBXFileReference; lastKnownFileType = wrapper.framework; name = OpenGLES.framework; path = System/Library/Frameworks/OpenGLES.framework; sourceTree = SDKROOT; };
		41BEFB761AD6DC0E0016ACCA /* AssetsLibrary.framework */ = {isa = PBXFileReference; lastKnownFileType = wrapper.framework; name = AssetsLibrary.framework; path = System/Library/Frameworks/AssetsLibrary.framework; sourceTree = SDKROOT; };
		41BEFB781AD6DC180016ACCA /* QuartzCore.framework */ = {isa = PBXFileReference; lastKnownFileType = wrapper.framework; name = QuartzCore.framework; path = System/Library/Frameworks/QuartzCore.framework; sourceTree = SDKROOT; };
		41BEFB7A1AD6DC8E0016ACCA /* libstdc++.6.dylib */ = {isa = PBXFileReference; lastKnownFileType = "compiled.mach-o.dylib"; name = "libstdc++.6.dylib"; path = "usr/lib/libstdc++.6.dylib"; sourceTree = SDKROOT; };
		41BEFB7C1AD708730016ACCA /* icon_offline.png */ = {isa = PBXFileReference; lastKnownFileType = image.png; path = icon_offline.png; sourceTree = "<group>"; };
		CB01CDAE1ABD675100420CE1 /* NIDropDown.h */ = {isa = PBXFileReference; fileEncoding = 4; lastKnownFileType = sourcecode.c.h; path = NIDropDown.h; sourceTree = "<group>"; };
		CB01CDAF1ABD675100420CE1 /* NIDropDown.m */ = {isa = PBXFileReference; fileEncoding = 4; lastKnownFileType = sourcecode.c.objc; path = NIDropDown.m; sourceTree = "<group>"; };
		CB01CDB21ABDFC9F00420CE1 /* MBProgressHUD.h */ = {isa = PBXFileReference; fileEncoding = 4; lastKnownFileType = sourcecode.c.h; path = MBProgressHUD.h; sourceTree = "<group>"; };
		CB01CDB31ABDFC9F00420CE1 /* MBProgressHUD.m */ = {isa = PBXFileReference; fileEncoding = 4; lastKnownFileType = sourcecode.c.objc; path = MBProgressHUD.m; sourceTree = "<group>"; };
		CB01CDB51ABE057E00420CE1 /* EvercamCameraUtil.h */ = {isa = PBXFileReference; fileEncoding = 4; lastKnownFileType = sourcecode.c.h; path = EvercamCameraUtil.h; sourceTree = "<group>"; };
		CB01CDB61ABE057E00420CE1 /* EvercamCameraUtil.m */ = {isa = PBXFileReference; fileEncoding = 4; lastKnownFileType = sourcecode.c.objc; path = EvercamCameraUtil.m; sourceTree = "<group>"; };
		CB01CDB81AC00AFB00420CE1 /* EvercamCamera.h */ = {isa = PBXFileReference; fileEncoding = 4; lastKnownFileType = sourcecode.c.h; path = EvercamCamera.h; sourceTree = "<group>"; };
		CB01CDB91AC00AFB00420CE1 /* EvercamCamera.m */ = {isa = PBXFileReference; fileEncoding = 4; lastKnownFileType = sourcecode.c.objc; path = EvercamCamera.m; sourceTree = "<group>"; };
		CB1C764E1AAB144800680FE3 /* evercamPlay.app */ = {isa = PBXFileReference; explicitFileType = wrapper.application; includeInIndex = 0; path = evercamPlay.app; sourceTree = BUILT_PRODUCTS_DIR; };
		CB1C76521AAB144800680FE3 /* Info.plist */ = {isa = PBXFileReference; lastKnownFileType = text.plist.xml; path = Info.plist; sourceTree = "<group>"; };
		CB1C76531AAB144800680FE3 /* main.m */ = {isa = PBXFileReference; lastKnownFileType = sourcecode.c.objc; path = main.m; sourceTree = "<group>"; };
		CB1C76551AAB144800680FE3 /* AppDelegate.h */ = {isa = PBXFileReference; lastKnownFileType = sourcecode.c.h; path = AppDelegate.h; sourceTree = "<group>"; };
		CB1C76561AAB144800680FE3 /* AppDelegate.m */ = {isa = PBXFileReference; lastKnownFileType = sourcecode.c.objc; path = AppDelegate.m; sourceTree = "<group>"; };
		CB1C765C1AAB144800680FE3 /* Base */ = {isa = PBXFileReference; lastKnownFileType = file.storyboard; name = Base; path = Base.lproj/Main.storyboard; sourceTree = "<group>"; };
		CB1C765E1AAB144800680FE3 /* Images.xcassets */ = {isa = PBXFileReference; lastKnownFileType = folder.assetcatalog; path = Images.xcassets; sourceTree = "<group>"; };
		CB1C76671AAB144900680FE3 /* evercamPlayTests.xctest */ = {isa = PBXFileReference; explicitFileType = wrapper.cfbundle; includeInIndex = 0; path = evercamPlayTests.xctest; sourceTree = BUILT_PRODUCTS_DIR; };
		CB1C766C1AAB144900680FE3 /* Info.plist */ = {isa = PBXFileReference; lastKnownFileType = text.plist.xml; path = Info.plist; sourceTree = "<group>"; };
		CB1C766D1AAB144900680FE3 /* evercamPlayTests.m */ = {isa = PBXFileReference; lastKnownFileType = sourcecode.c.objc; path = evercamPlayTests.m; sourceTree = "<group>"; };
		CB1C76791AAB7DE900680FE3 /* SWRevealViewController.h */ = {isa = PBXFileReference; fileEncoding = 4; lastKnownFileType = sourcecode.c.h; path = SWRevealViewController.h; sourceTree = "<group>"; };
		CB1C767A1AAB7DE900680FE3 /* SWRevealViewController.m */ = {isa = PBXFileReference; fileEncoding = 4; lastKnownFileType = sourcecode.c.objc; path = SWRevealViewController.m; sourceTree = "<group>"; };
		CB1C768A1AAB871A00680FE3 /* btn_radio_off_disabled_focused_holo_dark.png */ = {isa = PBXFileReference; lastKnownFileType = image.png; path = btn_radio_off_disabled_focused_holo_dark.png; sourceTree = "<group>"; };
		CB1C768B1AAB871A00680FE3 /* btn_radio_off_disabled_holo_dark.png */ = {isa = PBXFileReference; lastKnownFileType = image.png; path = btn_radio_off_disabled_holo_dark.png; sourceTree = "<group>"; };
		CB1C768C1AAB871A00680FE3 /* btn_radio_off_focused_holo_dark.png */ = {isa = PBXFileReference; lastKnownFileType = image.png; path = btn_radio_off_focused_holo_dark.png; sourceTree = "<group>"; };
		CB1C768D1AAB871A00680FE3 /* btn_radio_off_holo_dark.png */ = {isa = PBXFileReference; lastKnownFileType = image.png; path = btn_radio_off_holo_dark.png; sourceTree = "<group>"; };
		CB1C768E1AAB871A00680FE3 /* btn_radio_off_pressed_holo_dark.png */ = {isa = PBXFileReference; lastKnownFileType = image.png; path = btn_radio_off_pressed_holo_dark.png; sourceTree = "<group>"; };
		CB1C768F1AAB871A00680FE3 /* btn_radio_on_disabled_focused_holo_dark.png */ = {isa = PBXFileReference; lastKnownFileType = image.png; path = btn_radio_on_disabled_focused_holo_dark.png; sourceTree = "<group>"; };
		CB1C76901AAB871A00680FE3 /* btn_radio_on_disabled_holo_dark.png */ = {isa = PBXFileReference; lastKnownFileType = image.png; path = btn_radio_on_disabled_holo_dark.png; sourceTree = "<group>"; };
		CB1C76911AAB871A00680FE3 /* btn_radio_on_focused_holo_dark.png */ = {isa = PBXFileReference; lastKnownFileType = image.png; path = btn_radio_on_focused_holo_dark.png; sourceTree = "<group>"; };
		CB1C76921AAB871A00680FE3 /* btn_radio_on_holo_dark.png */ = {isa = PBXFileReference; lastKnownFileType = image.png; path = btn_radio_on_holo_dark.png; sourceTree = "<group>"; };
		CB1C76931AAB871A00680FE3 /* btn_radio_on_pressed_holo_dark.png */ = {isa = PBXFileReference; lastKnownFileType = image.png; path = btn_radio_on_pressed_holo_dark.png; sourceTree = "<group>"; };
		CB1C76941AAB871A00680FE3 /* cam_unavailable.png */ = {isa = PBXFileReference; lastKnownFileType = image.png; path = cam_unavailable.png; sourceTree = "<group>"; };
		CB1C76951AAB871A00680FE3 /* dot_off_red.png */ = {isa = PBXFileReference; lastKnownFileType = image.png; path = dot_off_red.png; sourceTree = "<group>"; };
		CB1C76961AAB871A00680FE3 /* dot_on_red.png */ = {isa = PBXFileReference; lastKnownFileType = image.png; path = dot_on_red.png; sourceTree = "<group>"; };
		CB1C76991AAB871A00680FE3 /* evercamtheme_textfield_activated_holo_dark.9.png */ = {isa = PBXFileReference; lastKnownFileType = image.png; path = evercamtheme_textfield_activated_holo_dark.9.png; sourceTree = "<group>"; };
		CB1C769A1AAB871A00680FE3 /* evercamtheme_textfield_default_holo_dark.9.png */ = {isa = PBXFileReference; lastKnownFileType = image.png; path = evercamtheme_textfield_default_holo_dark.9.png; sourceTree = "<group>"; };
		CB1C769B1AAB871A00680FE3 /* evercamtheme_textfield_disabled_focused_holo_dark.9.png */ = {isa = PBXFileReference; lastKnownFileType = image.png; path = evercamtheme_textfield_disabled_focused_holo_dark.9.png; sourceTree = "<group>"; };
		CB1C769C1AAB871A00680FE3 /* evercamtheme_textfield_disabled_holo_dark.9.png */ = {isa = PBXFileReference; lastKnownFileType = image.png; path = evercamtheme_textfield_disabled_holo_dark.9.png; sourceTree = "<group>"; };
		CB1C769D1AAB871A00680FE3 /* evercamtheme_textfield_focused_holo_dark.9.png */ = {isa = PBXFileReference; lastKnownFileType = image.png; path = evercamtheme_textfield_focused_holo_dark.9.png; sourceTree = "<group>"; };
		CB1C769E1AAB871A00680FE3 /* hikvision.png */ = {isa = PBXFileReference; lastKnownFileType = image.png; path = hikvision.png; sourceTree = "<group>"; };
		CB1C769F1AAB871A00680FE3 /* ic_action_new.png */ = {isa = PBXFileReference; lastKnownFileType = image.png; path = ic_action_new.png; sourceTree = "<group>"; };
		CB1C76A01AAB871A00680FE3 /* ic_action_overflow.png */ = {isa = PBXFileReference; lastKnownFileType = image.png; path = ic_action_overflow.png; sourceTree = "<group>"; };
		CB1C76A11AAB871A00680FE3 /* ic_action_refresh.png */ = {isa = PBXFileReference; lastKnownFileType = image.png; path = ic_action_refresh.png; sourceTree = "<group>"; };
		CB1C76A21AAB871A00680FE3 /* ic_action_save.png */ = {isa = PBXFileReference; lastKnownFileType = image.png; path = ic_action_save.png; sourceTree = "<group>"; };
		CB1C76A31AAB871A00680FE3 /* ic_add_person.png */ = {isa = PBXFileReference; lastKnownFileType = image.png; path = ic_add_person.png; sourceTree = "<group>"; };
		CB1C76A41AAB871A00680FE3 /* ic_clock.png */ = {isa = PBXFileReference; lastKnownFileType = image.png; path = ic_clock.png; sourceTree = "<group>"; };
		CB1C76A51AAB871A00680FE3 /* ic_content_undo.png */ = {isa = PBXFileReference; lastKnownFileType = image.png; path = ic_content_undo.png; sourceTree = "<group>"; };
		CB1C76A61AAB871A00680FE3 /* ic_navigation_back.png */ = {isa = PBXFileReference; lastKnownFileType = image.png; path = ic_navigation_back.png; sourceTree = "<group>"; };
		CB1C76A71AAB871A00680FE3 /* ic_navigation_cancel.png */ = {isa = PBXFileReference; lastKnownFileType = image.png; path = ic_navigation_cancel.png; sourceTree = "<group>"; };
		CB1C76A81AAB871A00680FE3 /* ic_navigation_refresh.png */ = {isa = PBXFileReference; lastKnownFileType = image.png; path = ic_navigation_refresh.png; sourceTree = "<group>"; };
		CB1C76A91AAB871A00680FE3 /* ic_person.png */ = {isa = PBXFileReference; lastKnownFileType = image.png; path = ic_person.png; sourceTree = "<group>"; };
		CB1C76AA1AAB871A00680FE3 /* evercam_icon.png */ = {isa = PBXFileReference; lastKnownFileType = image.png; path = evercam_icon.png; sourceTree = "<group>"; };
		CB1C76AD1AAB871A00680FE3 /* icon_gallery.png */ = {isa = PBXFileReference; lastKnownFileType = image.png; path = icon_gallery.png; sourceTree = "<group>"; };
		CB1C76AE1AAB871A00680FE3 /* play_page_feature.png */ = {isa = PBXFileReference; lastKnownFileType = image.png; path = play_page_feature.png; sourceTree = "<group>"; };
		CB1C76AF1AAB871A00680FE3 /* play_page_intro.png */ = {isa = PBXFileReference; lastKnownFileType = image.png; path = play_page_intro.png; sourceTree = "<group>"; };
		CB1C76B01AAB871A00680FE3 /* play_page_next.png */ = {isa = PBXFileReference; lastKnownFileType = image.png; path = play_page_next.png; sourceTree = "<group>"; };
		CB1C76B11AAB871A00680FE3 /* title_background.png */ = {isa = PBXFileReference; lastKnownFileType = image.png; path = title_background.png; sourceTree = "<group>"; };
		CB1C76FA1AAD834700680FE3 /* UILabel+ActionSheet.h */ = {isa = PBXFileReference; fileEncoding = 4; lastKnownFileType = sourcecode.c.h; path = "UILabel+ActionSheet.h"; sourceTree = "<group>"; };
		CB1C76FB1AAD834700680FE3 /* UILabel+ActionSheet.m */ = {isa = PBXFileReference; fileEncoding = 4; lastKnownFileType = sourcecode.c.objc; path = "UILabel+ActionSheet.m"; sourceTree = "<group>"; };
		CB1C77131AAE1A4400680FE3 /* UIAlertController+NoBorderText.h */ = {isa = PBXFileReference; fileEncoding = 4; lastKnownFileType = sourcecode.c.h; path = "UIAlertController+NoBorderText.h"; sourceTree = "<group>"; };
		CB1C77141AAE1A4400680FE3 /* UIAlertController+NoBorderText.m */ = {isa = PBXFileReference; fileEncoding = 4; lastKnownFileType = sourcecode.c.objc; path = "UIAlertController+NoBorderText.m"; sourceTree = "<group>"; };
		CB44E80D1AAE9DD800A78C11 /* AFNetworking.h */ = {isa = PBXFileReference; fileEncoding = 4; lastKnownFileType = sourcecode.c.h; path = AFNetworking.h; sourceTree = "<group>"; };
		CB44E8121AAE9DD800A78C11 /* AFHTTPRequestOperation.h */ = {isa = PBXFileReference; fileEncoding = 4; lastKnownFileType = sourcecode.c.h; path = AFHTTPRequestOperation.h; sourceTree = "<group>"; };
		CB44E8131AAE9DD800A78C11 /* AFHTTPRequestOperation.m */ = {isa = PBXFileReference; fileEncoding = 4; lastKnownFileType = sourcecode.c.objc; path = AFHTTPRequestOperation.m; sourceTree = "<group>"; };
		CB44E8141AAE9DD800A78C11 /* AFHTTPRequestOperationManager.h */ = {isa = PBXFileReference; fileEncoding = 4; lastKnownFileType = sourcecode.c.h; path = AFHTTPRequestOperationManager.h; sourceTree = "<group>"; };
		CB44E8151AAE9DD800A78C11 /* AFHTTPRequestOperationManager.m */ = {isa = PBXFileReference; fileEncoding = 4; lastKnownFileType = sourcecode.c.objc; path = AFHTTPRequestOperationManager.m; sourceTree = "<group>"; };
		CB44E8161AAE9DD800A78C11 /* AFURLConnectionOperation.h */ = {isa = PBXFileReference; fileEncoding = 4; lastKnownFileType = sourcecode.c.h; path = AFURLConnectionOperation.h; sourceTree = "<group>"; };
		CB44E8171AAE9DD800A78C11 /* AFURLConnectionOperation.m */ = {isa = PBXFileReference; fileEncoding = 4; lastKnownFileType = sourcecode.c.objc; path = AFURLConnectionOperation.m; sourceTree = "<group>"; };
		CB44E8191AAE9DD800A78C11 /* AFHTTPSessionManager.h */ = {isa = PBXFileReference; fileEncoding = 4; lastKnownFileType = sourcecode.c.h; path = AFHTTPSessionManager.h; sourceTree = "<group>"; };
		CB44E81A1AAE9DD800A78C11 /* AFHTTPSessionManager.m */ = {isa = PBXFileReference; fileEncoding = 4; lastKnownFileType = sourcecode.c.objc; path = AFHTTPSessionManager.m; sourceTree = "<group>"; };
		CB44E81B1AAE9DD800A78C11 /* AFURLSessionManager.h */ = {isa = PBXFileReference; fileEncoding = 4; lastKnownFileType = sourcecode.c.h; path = AFURLSessionManager.h; sourceTree = "<group>"; };
		CB44E81C1AAE9DD800A78C11 /* AFURLSessionManager.m */ = {isa = PBXFileReference; fileEncoding = 4; lastKnownFileType = sourcecode.c.objc; path = AFURLSessionManager.m; sourceTree = "<group>"; };
		CB44E81E1AAE9DD800A78C11 /* AFNetworkReachabilityManager.h */ = {isa = PBXFileReference; fileEncoding = 4; lastKnownFileType = sourcecode.c.h; path = AFNetworkReachabilityManager.h; sourceTree = "<group>"; };
		CB44E81F1AAE9DD800A78C11 /* AFNetworkReachabilityManager.m */ = {isa = PBXFileReference; fileEncoding = 4; lastKnownFileType = sourcecode.c.objc; path = AFNetworkReachabilityManager.m; sourceTree = "<group>"; };
		CB44E8211AAE9DD800A78C11 /* AFSecurityPolicy.h */ = {isa = PBXFileReference; fileEncoding = 4; lastKnownFileType = sourcecode.c.h; path = AFSecurityPolicy.h; sourceTree = "<group>"; };
		CB44E8221AAE9DD800A78C11 /* AFSecurityPolicy.m */ = {isa = PBXFileReference; fileEncoding = 4; lastKnownFileType = sourcecode.c.objc; path = AFSecurityPolicy.m; sourceTree = "<group>"; };
		CB44E8241AAE9DD800A78C11 /* AFURLRequestSerialization.h */ = {isa = PBXFileReference; fileEncoding = 4; lastKnownFileType = sourcecode.c.h; path = AFURLRequestSerialization.h; sourceTree = "<group>"; };
		CB44E8251AAE9DD800A78C11 /* AFURLRequestSerialization.m */ = {isa = PBXFileReference; fileEncoding = 4; lastKnownFileType = sourcecode.c.objc; path = AFURLRequestSerialization.m; sourceTree = "<group>"; };
		CB44E8261AAE9DD800A78C11 /* AFURLResponseSerialization.h */ = {isa = PBXFileReference; fileEncoding = 4; lastKnownFileType = sourcecode.c.h; path = AFURLResponseSerialization.h; sourceTree = "<group>"; };
		CB44E8271AAE9DD800A78C11 /* AFURLResponseSerialization.m */ = {isa = PBXFileReference; fileEncoding = 4; lastKnownFileType = sourcecode.c.objc; path = AFURLResponseSerialization.m; sourceTree = "<group>"; };
		CB44E8291AAE9DD800A78C11 /* AFNetworkActivityIndicatorManager.h */ = {isa = PBXFileReference; fileEncoding = 4; lastKnownFileType = sourcecode.c.h; path = AFNetworkActivityIndicatorManager.h; sourceTree = "<group>"; };
		CB44E82A1AAE9DD800A78C11 /* AFNetworkActivityIndicatorManager.m */ = {isa = PBXFileReference; fileEncoding = 4; lastKnownFileType = sourcecode.c.objc; path = AFNetworkActivityIndicatorManager.m; sourceTree = "<group>"; };
		CB44E82B1AAE9DD800A78C11 /* UIActivityIndicatorView+AFNetworking.h */ = {isa = PBXFileReference; fileEncoding = 4; lastKnownFileType = sourcecode.c.h; path = "UIActivityIndicatorView+AFNetworking.h"; sourceTree = "<group>"; };
		CB44E82C1AAE9DD800A78C11 /* UIActivityIndicatorView+AFNetworking.m */ = {isa = PBXFileReference; fileEncoding = 4; lastKnownFileType = sourcecode.c.objc; path = "UIActivityIndicatorView+AFNetworking.m"; sourceTree = "<group>"; };
		CB44E82D1AAE9DD800A78C11 /* UIAlertView+AFNetworking.h */ = {isa = PBXFileReference; fileEncoding = 4; lastKnownFileType = sourcecode.c.h; path = "UIAlertView+AFNetworking.h"; sourceTree = "<group>"; };
		CB44E82E1AAE9DD800A78C11 /* UIAlertView+AFNetworking.m */ = {isa = PBXFileReference; fileEncoding = 4; lastKnownFileType = sourcecode.c.objc; path = "UIAlertView+AFNetworking.m"; sourceTree = "<group>"; };
		CB44E82F1AAE9DD800A78C11 /* UIButton+AFNetworking.h */ = {isa = PBXFileReference; fileEncoding = 4; lastKnownFileType = sourcecode.c.h; path = "UIButton+AFNetworking.h"; sourceTree = "<group>"; };
		CB44E8301AAE9DD800A78C11 /* UIButton+AFNetworking.m */ = {isa = PBXFileReference; fileEncoding = 4; lastKnownFileType = sourcecode.c.objc; path = "UIButton+AFNetworking.m"; sourceTree = "<group>"; };
		CB44E8311AAE9DD800A78C11 /* UIImageView+AFNetworking.h */ = {isa = PBXFileReference; fileEncoding = 4; lastKnownFileType = sourcecode.c.h; path = "UIImageView+AFNetworking.h"; sourceTree = "<group>"; };
		CB44E8321AAE9DD800A78C11 /* UIImageView+AFNetworking.m */ = {isa = PBXFileReference; fileEncoding = 4; lastKnownFileType = sourcecode.c.objc; path = "UIImageView+AFNetworking.m"; sourceTree = "<group>"; };
		CB44E8331AAE9DD800A78C11 /* UIKit+AFNetworking.h */ = {isa = PBXFileReference; fileEncoding = 4; lastKnownFileType = sourcecode.c.h; path = "UIKit+AFNetworking.h"; sourceTree = "<group>"; };
		CB44E8341AAE9DD800A78C11 /* UIProgressView+AFNetworking.h */ = {isa = PBXFileReference; fileEncoding = 4; lastKnownFileType = sourcecode.c.h; path = "UIProgressView+AFNetworking.h"; sourceTree = "<group>"; };
		CB44E8351AAE9DD800A78C11 /* UIProgressView+AFNetworking.m */ = {isa = PBXFileReference; fileEncoding = 4; lastKnownFileType = sourcecode.c.objc; path = "UIProgressView+AFNetworking.m"; sourceTree = "<group>"; };
		CB44E8361AAE9DD800A78C11 /* UIRefreshControl+AFNetworking.h */ = {isa = PBXFileReference; fileEncoding = 4; lastKnownFileType = sourcecode.c.h; path = "UIRefreshControl+AFNetworking.h"; sourceTree = "<group>"; };
		CB44E8371AAE9DD800A78C11 /* UIRefreshControl+AFNetworking.m */ = {isa = PBXFileReference; fileEncoding = 4; lastKnownFileType = sourcecode.c.objc; path = "UIRefreshControl+AFNetworking.m"; sourceTree = "<group>"; };
		CB44E8381AAE9DD800A78C11 /* UIWebView+AFNetworking.h */ = {isa = PBXFileReference; fileEncoding = 4; lastKnownFileType = sourcecode.c.h; path = "UIWebView+AFNetworking.h"; sourceTree = "<group>"; };
		CB44E8391AAE9DD800A78C11 /* UIWebView+AFNetworking.m */ = {isa = PBXFileReference; fileEncoding = 4; lastKnownFileType = sourcecode.c.objc; path = "UIWebView+AFNetworking.m"; sourceTree = "<group>"; };
		CB44E84F1AAE9E7D00A78C11 /* AccountsViewController.h */ = {isa = PBXFileReference; fileEncoding = 4; lastKnownFileType = sourcecode.c.h; path = AccountsViewController.h; sourceTree = "<group>"; };
		CB44E8501AAE9E7D00A78C11 /* AccountsViewController.m */ = {isa = PBXFileReference; fileEncoding = 4; lastKnownFileType = sourcecode.c.objc; path = AccountsViewController.m; sourceTree = "<group>"; };
		CB44E8511AAE9E7D00A78C11 /* AccountsViewController.xib */ = {isa = PBXFileReference; fileEncoding = 4; lastKnownFileType = file.xib; path = AccountsViewController.xib; sourceTree = "<group>"; };
		CB44E8521AAE9E7D00A78C11 /* CamerasViewController.h */ = {isa = PBXFileReference; fileEncoding = 4; lastKnownFileType = sourcecode.c.h; path = CamerasViewController.h; sourceTree = "<group>"; };
		CB44E8531AAE9E7D00A78C11 /* CamerasViewController.m */ = {isa = PBXFileReference; fileEncoding = 4; lastKnownFileType = sourcecode.c.objc; path = CamerasViewController.m; sourceTree = "<group>"; };
		CB44E8541AAE9E7D00A78C11 /* CamerasViewController.xib */ = {isa = PBXFileReference; fileEncoding = 4; lastKnownFileType = file.xib; path = CamerasViewController.xib; sourceTree = "<group>"; };
		CB44E8551AAE9E7D00A78C11 /* FeedbackViewController.h */ = {isa = PBXFileReference; fileEncoding = 4; lastKnownFileType = sourcecode.c.h; path = FeedbackViewController.h; sourceTree = "<group>"; };
		CB44E8561AAE9E7D00A78C11 /* FeedbackViewController.m */ = {isa = PBXFileReference; fileEncoding = 4; lastKnownFileType = sourcecode.c.objc; path = FeedbackViewController.m; sourceTree = "<group>"; };
		CB44E8571AAE9E7D00A78C11 /* FeedbackViewController.xib */ = {isa = PBXFileReference; fileEncoding = 4; lastKnownFileType = file.xib; path = FeedbackViewController.xib; sourceTree = "<group>"; };
		CB44E8581AAE9E7D00A78C11 /* LoginViewController.h */ = {isa = PBXFileReference; fileEncoding = 4; lastKnownFileType = sourcecode.c.h; path = LoginViewController.h; sourceTree = "<group>"; };
		CB44E8591AAE9E7D00A78C11 /* LoginViewController.m */ = {isa = PBXFileReference; fileEncoding = 4; lastKnownFileType = sourcecode.c.objc; path = LoginViewController.m; sourceTree = "<group>"; };
		CB44E85A1AAE9E7D00A78C11 /* LoginViewController.xib */ = {isa = PBXFileReference; fileEncoding = 4; lastKnownFileType = file.xib; path = LoginViewController.xib; sourceTree = "<group>"; };
		CB44E85B1AAE9E7D00A78C11 /* MenuViewController.h */ = {isa = PBXFileReference; fileEncoding = 4; lastKnownFileType = sourcecode.c.h; path = MenuViewController.h; sourceTree = "<group>"; };
		CB44E85C1AAE9E7D00A78C11 /* MenuViewController.m */ = {isa = PBXFileReference; fileEncoding = 4; lastKnownFileType = sourcecode.c.objc; path = MenuViewController.m; sourceTree = "<group>"; };
		CB44E85D1AAE9E7D00A78C11 /* MenuViewController.xib */ = {isa = PBXFileReference; fileEncoding = 4; lastKnownFileType = file.xib; path = MenuViewController.xib; sourceTree = "<group>"; };
		CB44E85E1AAE9E7D00A78C11 /* SettingsViewController.h */ = {isa = PBXFileReference; fileEncoding = 4; lastKnownFileType = sourcecode.c.h; path = SettingsViewController.h; sourceTree = "<group>"; };
		CB44E85F1AAE9E7D00A78C11 /* SettingsViewController.m */ = {isa = PBXFileReference; fileEncoding = 4; lastKnownFileType = sourcecode.c.objc; path = SettingsViewController.m; sourceTree = "<group>"; };
		CB44E8601AAE9E7D00A78C11 /* SettingsViewController.xib */ = {isa = PBXFileReference; fileEncoding = 4; lastKnownFileType = file.xib; path = SettingsViewController.xib; sourceTree = "<group>"; };
		CB44E8611AAE9E7D00A78C11 /* SignupViewController.h */ = {isa = PBXFileReference; fileEncoding = 4; lastKnownFileType = sourcecode.c.h; path = SignupViewController.h; sourceTree = "<group>"; };
		CB44E8621AAE9E7D00A78C11 /* SignupViewController.m */ = {isa = PBXFileReference; fileEncoding = 4; lastKnownFileType = sourcecode.c.objc; path = SignupViewController.m; sourceTree = "<group>"; };
		CB44E8631AAE9E7D00A78C11 /* SignupViewController.xib */ = {isa = PBXFileReference; fileEncoding = 4; lastKnownFileType = file.xib; path = SignupViewController.xib; sourceTree = "<group>"; };
		CB44E8641AAE9E7D00A78C11 /* WelcomeViewController.h */ = {isa = PBXFileReference; fileEncoding = 4; lastKnownFileType = sourcecode.c.h; path = WelcomeViewController.h; sourceTree = "<group>"; };
		CB44E8651AAE9E7D00A78C11 /* WelcomeViewController.m */ = {isa = PBXFileReference; fileEncoding = 4; lastKnownFileType = sourcecode.c.objc; path = WelcomeViewController.m; sourceTree = "<group>"; };
		CB44E8661AAE9E7D00A78C11 /* WelcomeViewController.xib */ = {isa = PBXFileReference; fileEncoding = 4; lastKnownFileType = file.xib; path = WelcomeViewController.xib; sourceTree = "<group>"; };
		CB44E8681AAE9E7D00A78C11 /* AccountCell.h */ = {isa = PBXFileReference; fileEncoding = 4; lastKnownFileType = sourcecode.c.h; path = AccountCell.h; sourceTree = "<group>"; };
		CB44E8691AAE9E7D00A78C11 /* AccountCell.m */ = {isa = PBXFileReference; fileEncoding = 4; lastKnownFileType = sourcecode.c.objc; path = AccountCell.m; sourceTree = "<group>"; };
		CB44E86A1AAE9E7D00A78C11 /* AccountCell.xib */ = {isa = PBXFileReference; fileEncoding = 4; lastKnownFileType = file.xib; path = AccountCell.xib; sourceTree = "<group>"; };
		CB44E86B1AAE9E7D00A78C11 /* AddAccountCell.h */ = {isa = PBXFileReference; fileEncoding = 4; lastKnownFileType = sourcecode.c.h; path = AddAccountCell.h; sourceTree = "<group>"; };
		CB44E86C1AAE9E7D00A78C11 /* AddAccountCell.m */ = {isa = PBXFileReference; fileEncoding = 4; lastKnownFileType = sourcecode.c.objc; path = AddAccountCell.m; sourceTree = "<group>"; };
		CB44E86D1AAE9E7D00A78C11 /* AddAccountCell.xib */ = {isa = PBXFileReference; fileEncoding = 4; lastKnownFileType = file.xib; path = AddAccountCell.xib; sourceTree = "<group>"; };
		CB44E8821AAEA03300A78C11 /* Default-568h@2x.png */ = {isa = PBXFileReference; lastKnownFileType = image.png; path = "Default-568h@2x.png"; sourceTree = "<group>"; };
		CB44E8841AAED4E700A78C11 /* EvercamShell.h */ = {isa = PBXFileReference; fileEncoding = 4; lastKnownFileType = sourcecode.c.h; path = EvercamShell.h; sourceTree = "<group>"; };
		CB44E8851AAED4E700A78C11 /* EvercamShell.m */ = {isa = PBXFileReference; fileEncoding = 4; lastKnownFileType = sourcecode.c.objc; path = EvercamShell.m; sourceTree = "<group>"; };
		CB44E8871AAED82000A78C11 /* AFEvercamAPIClient.h */ = {isa = PBXFileReference; fileEncoding = 4; lastKnownFileType = sourcecode.c.h; path = AFEvercamAPIClient.h; sourceTree = "<group>"; };
		CB44E8881AAED82000A78C11 /* AFEvercamAPIClient.m */ = {isa = PBXFileReference; fileEncoding = 4; lastKnownFileType = sourcecode.c.objc; path = AFEvercamAPIClient.m; sourceTree = "<group>"; };
		CB44E88A1AAEDD2D00A78C11 /* EvercamApiKeyPair.h */ = {isa = PBXFileReference; fileEncoding = 4; lastKnownFileType = sourcecode.c.h; path = EvercamApiKeyPair.h; sourceTree = "<group>"; };
		CB44E88B1AAEDD2D00A78C11 /* EvercamApiKeyPair.m */ = {isa = PBXFileReference; fileEncoding = 4; lastKnownFileType = sourcecode.c.objc; path = EvercamApiKeyPair.m; sourceTree = "<group>"; };
		CB840D151ACAF36D00F289A9 /* AsyncImageView.h */ = {isa = PBXFileReference; fileEncoding = 4; lastKnownFileType = sourcecode.c.h; path = AsyncImageView.h; sourceTree = "<group>"; };
		CB840D161ACAF36D00F289A9 /* AsyncImageView.m */ = {isa = PBXFileReference; fileEncoding = 4; lastKnownFileType = sourcecode.c.objc; path = AsyncImageView.m; sourceTree = "<group>"; };
		CB840D171ACAF36D00F289A9 /* ImageCache.h */ = {isa = PBXFileReference; fileEncoding = 4; lastKnownFileType = sourcecode.c.h; path = ImageCache.h; sourceTree = "<group>"; };
		CB840D181ACAF36D00F289A9 /* ImageCache.m */ = {isa = PBXFileReference; fileEncoding = 4; lastKnownFileType = sourcecode.c.objc; path = ImageCache.m; sourceTree = "<group>"; };
		CB840D191ACAF36D00F289A9 /* ImageCacheObject.h */ = {isa = PBXFileReference; fileEncoding = 4; lastKnownFileType = sourcecode.c.h; path = ImageCacheObject.h; sourceTree = "<group>"; };
		CB840D1A1ACAF36D00F289A9 /* ImageCacheObject.m */ = {isa = PBXFileReference; fileEncoding = 4; lastKnownFileType = sourcecode.c.objc; path = ImageCacheObject.m; sourceTree = "<group>"; };
		CB840D1E1ACAF38900F289A9 /* CameraViewCell.h */ = {isa = PBXFileReference; fileEncoding = 4; lastKnownFileType = sourcecode.c.h; path = CameraViewCell.h; sourceTree = "<group>"; };
		CB840D1F1ACAF38900F289A9 /* CameraViewCell.m */ = {isa = PBXFileReference; fileEncoding = 4; lastKnownFileType = sourcecode.c.objc; path = CameraViewCell.m; sourceTree = "<group>"; };
		CB840D201ACAF38900F289A9 /* CameraViewCell.xib */ = {isa = PBXFileReference; fileEncoding = 4; lastKnownFileType = file.xib; path = CameraViewCell.xib; sourceTree = "<group>"; };
		CB9235EF1AB038EF0031E23A /* API.java */ = {isa = PBXFileReference; fileEncoding = 4; lastKnownFileType = sourcecode.java; path = API.java; sourceTree = "<group>"; };
		CB9235F01AB038EF0031E23A /* ApiKeyPair.java */ = {isa = PBXFileReference; fileEncoding = 4; lastKnownFileType = sourcecode.java; path = ApiKeyPair.java; sourceTree = "<group>"; };
		CB9235F11AB038EF0031E23A /* Auth.java */ = {isa = PBXFileReference; fileEncoding = 4; lastKnownFileType = sourcecode.java; path = Auth.java; sourceTree = "<group>"; };
		CB9235F21AB038EF0031E23A /* Camera.java */ = {isa = PBXFileReference; fileEncoding = 4; lastKnownFileType = sourcecode.java; path = Camera.java; sourceTree = "<group>"; };
		CB9235F31AB038EF0031E23A /* CameraBuilder.java */ = {isa = PBXFileReference; fileEncoding = 4; lastKnownFileType = sourcecode.java; path = CameraBuilder.java; sourceTree = "<group>"; };
		CB9235F41AB038EF0031E23A /* CameraDetail.java */ = {isa = PBXFileReference; fileEncoding = 4; lastKnownFileType = sourcecode.java; path = CameraDetail.java; sourceTree = "<group>"; };
		CB9235F51AB038EF0031E23A /* CameraObject.java */ = {isa = PBXFileReference; fileEncoding = 4; lastKnownFileType = sourcecode.java; path = CameraObject.java; sourceTree = "<group>"; };
		CB9235F61AB038EF0031E23A /* CameraShare.java */ = {isa = PBXFileReference; fileEncoding = 4; lastKnownFileType = sourcecode.java; path = CameraShare.java; sourceTree = "<group>"; };
		CB9235F71AB038EF0031E23A /* Defaults.java */ = {isa = PBXFileReference; fileEncoding = 4; lastKnownFileType = sourcecode.java; path = Defaults.java; sourceTree = "<group>"; };
		CB9235F81AB038EF0031E23A /* ErrorResponse.java */ = {isa = PBXFileReference; fileEncoding = 4; lastKnownFileType = sourcecode.java; path = ErrorResponse.java; sourceTree = "<group>"; };
		CB9235F91AB038EF0031E23A /* EvercamException.java */ = {isa = PBXFileReference; fileEncoding = 4; lastKnownFileType = sourcecode.java; path = EvercamException.java; sourceTree = "<group>"; };
		CB9235FA1AB038EF0031E23A /* EvercamObject.java */ = {isa = PBXFileReference; fileEncoding = 4; lastKnownFileType = sourcecode.java; path = EvercamObject.java; sourceTree = "<group>"; };
		CB9235FB1AB038EF0031E23A /* Model.java */ = {isa = PBXFileReference; fileEncoding = 4; lastKnownFileType = sourcecode.java; path = Model.java; sourceTree = "<group>"; };
		CB9235FC1AB038EF0031E23A /* ModelsWithPaging.java */ = {isa = PBXFileReference; fileEncoding = 4; lastKnownFileType = sourcecode.java; path = ModelsWithPaging.java; sourceTree = "<group>"; };
		CB9235FD1AB038EF0031E23A /* PatchCameraBuilder.java */ = {isa = PBXFileReference; fileEncoding = 4; lastKnownFileType = sourcecode.java; path = PatchCameraBuilder.java; sourceTree = "<group>"; };
		CB9235FE1AB038EF0031E23A /* PublicCamera.java */ = {isa = PBXFileReference; fileEncoding = 4; lastKnownFileType = sourcecode.java; path = PublicCamera.java; sourceTree = "<group>"; };
		CB9235FF1AB038EF0031E23A /* Right.java */ = {isa = PBXFileReference; fileEncoding = 4; lastKnownFileType = sourcecode.java; path = Right.java; sourceTree = "<group>"; };
		CB9236001AB038EF0031E23A /* Snapshot.java */ = {isa = PBXFileReference; fileEncoding = 4; lastKnownFileType = sourcecode.java; path = Snapshot.java; sourceTree = "<group>"; };
		CB9236011AB038EF0031E23A /* SnapshotsWithPaging.java */ = {isa = PBXFileReference; fileEncoding = 4; lastKnownFileType = sourcecode.java; path = SnapshotsWithPaging.java; sourceTree = "<group>"; };
		CB9236021AB038EF0031E23A /* User.java */ = {isa = PBXFileReference; fileEncoding = 4; lastKnownFileType = sourcecode.java; path = User.java; sourceTree = "<group>"; };
		CB9236031AB038EF0031E23A /* UserDetail.java */ = {isa = PBXFileReference; fileEncoding = 4; lastKnownFileType = sourcecode.java; path = UserDetail.java; sourceTree = "<group>"; };
		CB9236041AB038EF0031E23A /* Vendor.java */ = {isa = PBXFileReference; fileEncoding = 4; lastKnownFileType = sourcecode.java; path = Vendor.java; sourceTree = "<group>"; };
		CB92361B1AB2DABF0031E23A /* EvercamUser.h */ = {isa = PBXFileReference; fileEncoding = 4; lastKnownFileType = sourcecode.c.h; path = EvercamUser.h; sourceTree = "<group>"; };
		CB92361C1AB2DABF0031E23A /* EvercamUser.m */ = {isa = PBXFileReference; fileEncoding = 4; lastKnownFileType = sourcecode.c.objc; path = EvercamUser.m; sourceTree = "<group>"; };
		CBBF50AB1AD976AD0008679E /* GStreamer.framework */ = {isa = PBXFileReference; lastKnownFileType = wrapper.framework; name = GStreamer.framework; path = ../../../../../../../../Users/jw/Library/Developer/GStreamer/iPhone.sdk/GStreamer.framework; sourceTree = "<group>"; };
/* End PBXFileReference section */

/* Begin PBXFrameworksBuildPhase section */
		CB1C764B1AAB144700680FE3 /* Frameworks */ = {
			isa = PBXFrameworksBuildPhase;
			buildActionMask = 2147483647;
			files = (
				41208A491AD8A126009C4FC2 /* MessageUI.framework in Frameworks */,
				41BEFB7B1AD6DC8E0016ACCA /* libstdc++.6.dylib in Frameworks */,
				41BEFB791AD6DC180016ACCA /* QuartzCore.framework in Frameworks */,
				41BEFB771AD6DC0E0016ACCA /* AssetsLibrary.framework in Frameworks */,
				41BEFB751AD6DC020016ACCA /* OpenGLES.framework in Frameworks */,
				41BEFB731AD6DBF80016ACCA /* AudioToolbox.framework in Frameworks */,
				41BEFB711AD6DBE80016ACCA /* CoreAudio.framework in Frameworks */,
				41BEFB6F1AD6DBE40016ACCA /* CoreVideo.framework in Frameworks */,
				41BEFB6D1AD6DBD30016ACCA /* CoreMedia.framework in Frameworks */,
				CBBF50AC1AD976AD0008679E /* GStreamer.framework in Frameworks */,
				41BEFB6B1AD6DBB50016ACCA /* AVFoundation.framework in Frameworks */,
				41BEFB691AD6DBAA0016ACCA /* CoreFoundation.framework in Frameworks */,
				41BEFB671AD6DB560016ACCA /* libresolv.dylib in Frameworks */,
				41BEFB651AD6DB480016ACCA /* libstdc++.dylib in Frameworks */,
				41BEFB4C1AD6CE880016ACCA /* CoreGraphics.framework in Frameworks */,
				41BEFB4A1AD6CE7F0016ACCA /* VideoToolbox.framework in Frameworks */,
			);
			runOnlyForDeploymentPostprocessing = 0;
		};
		CB1C76641AAB144900680FE3 /* Frameworks */ = {
			isa = PBXFrameworksBuildPhase;
			buildActionMask = 2147483647;
			files = (
			);
			runOnlyForDeploymentPostprocessing = 0;
		};
/* End PBXFrameworksBuildPhase section */

/* Begin PBXGroup section */
		41208A391AD725CC009C4FC2 /* CoreData */ = {
			isa = PBXGroup;
			children = (
				41208A3A1AD725CC009C4FC2 /* AppUser.h */,
				41208A3B1AD725CC009C4FC2 /* AppUser.m */,
			);
			path = CoreData;
			sourceTree = "<group>";
		};
		41208A411AD84816009C4FC2 /* Utils */ = {
			isa = PBXGroup;
			children = (
				41208A421AD8482B009C4FC2 /* PreferenceUtil.h */,
				41208A431AD8482B009C4FC2 /* PreferenceUtil.m */,
			);
			path = Utils;
			sourceTree = "<group>";
		};
		41208A4C1AD8DC59009C4FC2 /* CustomNavigationController */ = {
			isa = PBXGroup;
			children = (
				41208A4D1AD8DCAA009C4FC2 /* CustomNavigationController.h */,
				41208A4E1AD8DCAA009C4FC2 /* CustomNavigationController.m */,
			);
			name = CustomNavigationController;
			sourceTree = "<group>";
		};
		4157369A1AD59E93005B38DF /* DataModels */ = {
			isa = PBXGroup;
			children = (
				CB44E88A1AAEDD2D00A78C11 /* EvercamApiKeyPair.h */,
				CB44E88B1AAEDD2D00A78C11 /* EvercamApiKeyPair.m */,
				CB01CDB81AC00AFB00420CE1 /* EvercamCamera.h */,
				CB01CDB91AC00AFB00420CE1 /* EvercamCamera.m */,
				CB92361B1AB2DABF0031E23A /* EvercamUser.h */,
				CB92361C1AB2DABF0031E23A /* EvercamUser.m */,
				4157369B1AD59ED4005B38DF /* EvercamRights.h */,
				4157369C1AD59ED4005B38DF /* EvercamRights.m */,
			);
			name = DataModels;
			sourceTree = "<group>";
		};
		41BEFB4D1AD6CE980016ACCA /* Frameworks */ = {
			isa = PBXGroup;
			children = (
				CBBF50AB1AD976AD0008679E /* GStreamer.framework */,
				41208A481AD8A126009C4FC2 /* MessageUI.framework */,
				41BEFB781AD6DC180016ACCA /* QuartzCore.framework */,
				41BEFB761AD6DC0E0016ACCA /* AssetsLibrary.framework */,
				41BEFB741AD6DC020016ACCA /* OpenGLES.framework */,
				41BEFB721AD6DBF80016ACCA /* AudioToolbox.framework */,
				41BEFB701AD6DBE80016ACCA /* CoreAudio.framework */,
				41BEFB6E1AD6DBE40016ACCA /* CoreVideo.framework */,
				41BEFB6C1AD6DBD30016ACCA /* CoreMedia.framework */,
				41BEFB6A1AD6DBB50016ACCA /* AVFoundation.framework */,
				41BEFB681AD6DBAA0016ACCA /* CoreFoundation.framework */,
				41BEFB4B1AD6CE880016ACCA /* CoreGraphics.framework */,
				41BEFB491AD6CE7F0016ACCA /* VideoToolbox.framework */,
				41BEFB661AD6DB560016ACCA /* libresolv.dylib */,
				41BEFB641AD6DB480016ACCA /* libstdc++.dylib */,
				41BEFB7A1AD6DC8E0016ACCA /* libstdc++.6.dylib */,
			);
			name = Frameworks;
			sourceTree = "<group>";
		};
		41BEFB4E1AD6CF770016ACCA /* GStreamer */ = {
			isa = PBXGroup;
			children = (
				41BEFB551AD6D0630016ACCA /* EaglUIVIew.h */,
				41BEFB561AD6D0630016ACCA /* EaglUIVIew.m */,
				41BEFB571AD6D0630016ACCA /* gst_ios_init.h */,
				41BEFB581AD6D0630016ACCA /* gst_ios_init.m */,
				41BEFB591AD6D0630016ACCA /* gst-launch-remote.c */,
				41BEFB5A1AD6D0630016ACCA /* gst-launch-remote.h */,
			);
			path = GStreamer;
			sourceTree = "<group>";
		};
		CB01CDAD1ABD675000420CE1 /* NIDropDown */ = {
			isa = PBXGroup;
			children = (
				CB01CDAE1ABD675100420CE1 /* NIDropDown.h */,
				CB01CDAF1ABD675100420CE1 /* NIDropDown.m */,
			);
			path = NIDropDown;
			sourceTree = "<group>";
		};
		CB01CDB11ABDFC9F00420CE1 /* MBProgressHUD */ = {
			isa = PBXGroup;
			children = (
				CB01CDB21ABDFC9F00420CE1 /* MBProgressHUD.h */,
				CB01CDB31ABDFC9F00420CE1 /* MBProgressHUD.m */,
			);
			path = MBProgressHUD;
			sourceTree = "<group>";
		};
		CB1C76451AAB144700680FE3 = {
			isa = PBXGroup;
			children = (
				41BEFB4D1AD6CE980016ACCA /* Frameworks */,
				CB44E8821AAEA03300A78C11 /* Default-568h@2x.png */,
				CB1C76501AAB144800680FE3 /* evercamPlay */,
				CB1C766A1AAB144900680FE3 /* evercamPlayTests */,
				CB1C764F1AAB144800680FE3 /* Products */,
			);
			sourceTree = "<group>";
		};
		CB1C764F1AAB144800680FE3 /* Products */ = {
			isa = PBXGroup;
			children = (
				CB1C764E1AAB144800680FE3 /* evercamPlay.app */,
				CB1C76671AAB144900680FE3 /* evercamPlayTests.xctest */,
			);
			name = Products;
			sourceTree = "<group>";
		};
		CB1C76501AAB144800680FE3 /* evercamPlay */ = {
			isa = PBXGroup;
			children = (
				CB9235EE1AB038EF0031E23A /* javawrapper */,
				CB44E84C1AAE9E1F00A78C11 /* Wrapper */,
				CB1C76771AAB7DE900680FE3 /* 3rdParty */,
				CB44E84E1AAE9E7D00A78C11 /* Controllers */,
				CB44E8671AAE9E7D00A78C11 /* View */,
				41208A391AD725CC009C4FC2 /* CoreData */,
				41208A411AD84816009C4FC2 /* Utils */,
				CB1C76551AAB144800680FE3 /* AppDelegate.h */,
				CB1C76561AAB144800680FE3 /* AppDelegate.m */,
				41208A331AD7244A009C4FC2 /* AppUser.xcdatamodeld */,
				CB1C765B1AAB144800680FE3 /* Main.storyboard */,
				CB1C765E1AAB144800680FE3 /* Images.xcassets */,
				CB1C76881AAB871A00680FE3 /* Resources */,
				CB1C76511AAB144800680FE3 /* Supporting Files */,
			);
			path = evercamPlay;
			sourceTree = "<group>";
		};
		CB1C76511AAB144800680FE3 /* Supporting Files */ = {
			isa = PBXGroup;
			children = (
				CB1C76521AAB144800680FE3 /* Info.plist */,
				CB1C76531AAB144800680FE3 /* main.m */,
			);
			name = "Supporting Files";
			sourceTree = "<group>";
		};
		CB1C766A1AAB144900680FE3 /* evercamPlayTests */ = {
			isa = PBXGroup;
			children = (
				CB1C766D1AAB144900680FE3 /* evercamPlayTests.m */,
				CB1C766B1AAB144900680FE3 /* Supporting Files */,
			);
			path = evercamPlayTests;
			sourceTree = "<group>";
		};
		CB1C766B1AAB144900680FE3 /* Supporting Files */ = {
			isa = PBXGroup;
			children = (
				CB1C766C1AAB144900680FE3 /* Info.plist */,
			);
			name = "Supporting Files";
			sourceTree = "<group>";
		};
		CB1C76771AAB7DE900680FE3 /* 3rdParty */ = {
			isa = PBXGroup;
			children = (
				41208A4C1AD8DC59009C4FC2 /* CustomNavigationController */,
				41BEFB4E1AD6CF770016ACCA /* GStreamer */,
				CB44E80C1AAE9DD800A78C11 /* AFNetworking */,
				CB840D141ACAF36D00F289A9 /* AsyncImageView */,
				CB01CDB11ABDFC9F00420CE1 /* MBProgressHUD */,
				CB01CDAD1ABD675000420CE1 /* NIDropDown */,
				CB1C77121AAE1A4400680FE3 /* UIAlertController+NoBorderText */,
				CB1C76F91AAD834700680FE3 /* UILabel+ActionSheet */,
				CB1C76781AAB7DE900680FE3 /* SWRevealViewController */,
			);
			path = 3rdParty;
			sourceTree = "<group>";
		};
		CB1C76781AAB7DE900680FE3 /* SWRevealViewController */ = {
			isa = PBXGroup;
			children = (
				CB1C76791AAB7DE900680FE3 /* SWRevealViewController.h */,
				CB1C767A1AAB7DE900680FE3 /* SWRevealViewController.m */,
			);
			path = SWRevealViewController;
			sourceTree = "<group>";
		};
		CB1C76881AAB871A00680FE3 /* Resources */ = {
			isa = PBXGroup;
			children = (
				CB1C76891AAB871A00680FE3 /* image */,
			);
			path = Resources;
			sourceTree = "<group>";
		};
		CB1C76891AAB871A00680FE3 /* image */ = {
			isa = PBXGroup;
			children = (
				CB1C768A1AAB871A00680FE3 /* btn_radio_off_disabled_focused_holo_dark.png */,
				CB1C768B1AAB871A00680FE3 /* btn_radio_off_disabled_holo_dark.png */,
				CB1C768C1AAB871A00680FE3 /* btn_radio_off_focused_holo_dark.png */,
				CB1C768D1AAB871A00680FE3 /* btn_radio_off_holo_dark.png */,
				CB1C768E1AAB871A00680FE3 /* btn_radio_off_pressed_holo_dark.png */,
				CB1C768F1AAB871A00680FE3 /* btn_radio_on_disabled_focused_holo_dark.png */,
				CB1C76901AAB871A00680FE3 /* btn_radio_on_disabled_holo_dark.png */,
				CB1C76911AAB871A00680FE3 /* btn_radio_on_focused_holo_dark.png */,
				CB1C76921AAB871A00680FE3 /* btn_radio_on_holo_dark.png */,
				CB1C76931AAB871A00680FE3 /* btn_radio_on_pressed_holo_dark.png */,
				CB1C76941AAB871A00680FE3 /* cam_unavailable.png */,
				CB1C76951AAB871A00680FE3 /* dot_off_red.png */,
				CB1C76961AAB871A00680FE3 /* dot_on_red.png */,
				CB1C76991AAB871A00680FE3 /* evercamtheme_textfield_activated_holo_dark.9.png */,
				CB1C769A1AAB871A00680FE3 /* evercamtheme_textfield_default_holo_dark.9.png */,
				CB1C769B1AAB871A00680FE3 /* evercamtheme_textfield_disabled_focused_holo_dark.9.png */,
				CB1C769C1AAB871A00680FE3 /* evercamtheme_textfield_disabled_holo_dark.9.png */,
				CB1C769D1AAB871A00680FE3 /* evercamtheme_textfield_focused_holo_dark.9.png */,
				CB1C769E1AAB871A00680FE3 /* hikvision.png */,
				CB1C769F1AAB871A00680FE3 /* ic_action_new.png */,
				CB1C76A01AAB871A00680FE3 /* ic_action_overflow.png */,
				CB1C76A11AAB871A00680FE3 /* ic_action_refresh.png */,
				CB1C76A21AAB871A00680FE3 /* ic_action_save.png */,
				CB1C76A31AAB871A00680FE3 /* ic_add_person.png */,
				CB1C76A41AAB871A00680FE3 /* ic_clock.png */,
				CB1C76A51AAB871A00680FE3 /* ic_content_undo.png */,
				CB1C76A61AAB871A00680FE3 /* ic_navigation_back.png */,
				CB1C76A71AAB871A00680FE3 /* ic_navigation_cancel.png */,
				CB1C76A81AAB871A00680FE3 /* ic_navigation_refresh.png */,
				CB1C76A91AAB871A00680FE3 /* ic_person.png */,
				CB1C76AA1AAB871A00680FE3 /* evercam_icon.png */,
				CB1C76AD1AAB871A00680FE3 /* icon_gallery.png */,
				41BEFB7C1AD708730016ACCA /* icon_offline.png */,
				CB1C76AE1AAB871A00680FE3 /* play_page_feature.png */,
				CB1C76AF1AAB871A00680FE3 /* play_page_intro.png */,
				CB1C76B01AAB871A00680FE3 /* play_page_next.png */,
				CB1C76B11AAB871A00680FE3 /* title_background.png */,
			);
			path = image;
			sourceTree = "<group>";
		};
		CB1C76F91AAD834700680FE3 /* UILabel+ActionSheet */ = {
			isa = PBXGroup;
			children = (
				CB1C76FA1AAD834700680FE3 /* UILabel+ActionSheet.h */,
				CB1C76FB1AAD834700680FE3 /* UILabel+ActionSheet.m */,
			);
			path = "UILabel+ActionSheet";
			sourceTree = "<group>";
		};
		CB1C77121AAE1A4400680FE3 /* UIAlertController+NoBorderText */ = {
			isa = PBXGroup;
			children = (
				CB1C77131AAE1A4400680FE3 /* UIAlertController+NoBorderText.h */,
				CB1C77141AAE1A4400680FE3 /* UIAlertController+NoBorderText.m */,
			);
			path = "UIAlertController+NoBorderText";
			sourceTree = "<group>";
		};
		CB44E80C1AAE9DD800A78C11 /* AFNetworking */ = {
			isa = PBXGroup;
			children = (
				CB44E80D1AAE9DD800A78C11 /* AFNetworking.h */,
				CB44E8111AAE9DD800A78C11 /* NSURLConnection */,
				CB44E8181AAE9DD800A78C11 /* NSURLSession */,
				CB44E81D1AAE9DD800A78C11 /* Reachability */,
				CB44E8201AAE9DD800A78C11 /* Security */,
				CB44E8231AAE9DD800A78C11 /* Serialization */,
				CB44E8281AAE9DD800A78C11 /* UIKit+AFNetworking */,
			);
			path = AFNetworking;
			sourceTree = "<group>";
		};
		CB44E8111AAE9DD800A78C11 /* NSURLConnection */ = {
			isa = PBXGroup;
			children = (
				CB44E8121AAE9DD800A78C11 /* AFHTTPRequestOperation.h */,
				CB44E8131AAE9DD800A78C11 /* AFHTTPRequestOperation.m */,
				CB44E8141AAE9DD800A78C11 /* AFHTTPRequestOperationManager.h */,
				CB44E8151AAE9DD800A78C11 /* AFHTTPRequestOperationManager.m */,
				CB44E8161AAE9DD800A78C11 /* AFURLConnectionOperation.h */,
				CB44E8171AAE9DD800A78C11 /* AFURLConnectionOperation.m */,
			);
			path = NSURLConnection;
			sourceTree = "<group>";
		};
		CB44E8181AAE9DD800A78C11 /* NSURLSession */ = {
			isa = PBXGroup;
			children = (
				CB44E8191AAE9DD800A78C11 /* AFHTTPSessionManager.h */,
				CB44E81A1AAE9DD800A78C11 /* AFHTTPSessionManager.m */,
				CB44E81B1AAE9DD800A78C11 /* AFURLSessionManager.h */,
				CB44E81C1AAE9DD800A78C11 /* AFURLSessionManager.m */,
			);
			path = NSURLSession;
			sourceTree = "<group>";
		};
		CB44E81D1AAE9DD800A78C11 /* Reachability */ = {
			isa = PBXGroup;
			children = (
				CB44E81E1AAE9DD800A78C11 /* AFNetworkReachabilityManager.h */,
				CB44E81F1AAE9DD800A78C11 /* AFNetworkReachabilityManager.m */,
			);
			path = Reachability;
			sourceTree = "<group>";
		};
		CB44E8201AAE9DD800A78C11 /* Security */ = {
			isa = PBXGroup;
			children = (
				CB44E8211AAE9DD800A78C11 /* AFSecurityPolicy.h */,
				CB44E8221AAE9DD800A78C11 /* AFSecurityPolicy.m */,
			);
			path = Security;
			sourceTree = "<group>";
		};
		CB44E8231AAE9DD800A78C11 /* Serialization */ = {
			isa = PBXGroup;
			children = (
				CB44E8241AAE9DD800A78C11 /* AFURLRequestSerialization.h */,
				CB44E8251AAE9DD800A78C11 /* AFURLRequestSerialization.m */,
				CB44E8261AAE9DD800A78C11 /* AFURLResponseSerialization.h */,
				CB44E8271AAE9DD800A78C11 /* AFURLResponseSerialization.m */,
			);
			path = Serialization;
			sourceTree = "<group>";
		};
		CB44E8281AAE9DD800A78C11 /* UIKit+AFNetworking */ = {
			isa = PBXGroup;
			children = (
				CB44E8291AAE9DD800A78C11 /* AFNetworkActivityIndicatorManager.h */,
				CB44E82A1AAE9DD800A78C11 /* AFNetworkActivityIndicatorManager.m */,
				CB44E82B1AAE9DD800A78C11 /* UIActivityIndicatorView+AFNetworking.h */,
				CB44E82C1AAE9DD800A78C11 /* UIActivityIndicatorView+AFNetworking.m */,
				CB44E82D1AAE9DD800A78C11 /* UIAlertView+AFNetworking.h */,
				CB44E82E1AAE9DD800A78C11 /* UIAlertView+AFNetworking.m */,
				CB44E82F1AAE9DD800A78C11 /* UIButton+AFNetworking.h */,
				CB44E8301AAE9DD800A78C11 /* UIButton+AFNetworking.m */,
				CB44E8311AAE9DD800A78C11 /* UIImageView+AFNetworking.h */,
				CB44E8321AAE9DD800A78C11 /* UIImageView+AFNetworking.m */,
				CB44E8331AAE9DD800A78C11 /* UIKit+AFNetworking.h */,
				CB44E8341AAE9DD800A78C11 /* UIProgressView+AFNetworking.h */,
				CB44E8351AAE9DD800A78C11 /* UIProgressView+AFNetworking.m */,
				CB44E8361AAE9DD800A78C11 /* UIRefreshControl+AFNetworking.h */,
				CB44E8371AAE9DD800A78C11 /* UIRefreshControl+AFNetworking.m */,
				CB44E8381AAE9DD800A78C11 /* UIWebView+AFNetworking.h */,
				CB44E8391AAE9DD800A78C11 /* UIWebView+AFNetworking.m */,
			);
			path = "UIKit+AFNetworking";
			sourceTree = "<group>";
		};
		CB44E84C1AAE9E1F00A78C11 /* Wrapper */ = {
			isa = PBXGroup;
			children = (
				4157369A1AD59E93005B38DF /* DataModels */,
				CB44E8871AAED82000A78C11 /* AFEvercamAPIClient.h */,
				CB44E8881AAED82000A78C11 /* AFEvercamAPIClient.m */,
				CB44E8841AAED4E700A78C11 /* EvercamShell.h */,
				CB44E8851AAED4E700A78C11 /* EvercamShell.m */,
				CB01CDB51ABE057E00420CE1 /* EvercamCameraUtil.h */,
				CB01CDB61ABE057E00420CE1 /* EvercamCameraUtil.m */,
			);
			path = Wrapper;
			sourceTree = "<group>";
		};
		CB44E84E1AAE9E7D00A78C11 /* Controllers */ = {
			isa = PBXGroup;
			children = (
				CB44E84F1AAE9E7D00A78C11 /* AccountsViewController.h */,
				CB44E8501AAE9E7D00A78C11 /* AccountsViewController.m */,
				CB44E8511AAE9E7D00A78C11 /* AccountsViewController.xib */,
				CB44E8521AAE9E7D00A78C11 /* CamerasViewController.h */,
				CB44E8531AAE9E7D00A78C11 /* CamerasViewController.m */,
				CB44E8541AAE9E7D00A78C11 /* CamerasViewController.xib */,
				41BEFB3F1AD609A10016ACCA /* CameraPlayViewController.h */,
				41BEFB401AD609A10016ACCA /* CameraPlayViewController.m */,
				41BEFB411AD609A10016ACCA /* CameraPlayViewController.xib */,
				CB44E8551AAE9E7D00A78C11 /* FeedbackViewController.h */,
				CB44E8561AAE9E7D00A78C11 /* FeedbackViewController.m */,
				CB44E8571AAE9E7D00A78C11 /* FeedbackViewController.xib */,
				CB44E8581AAE9E7D00A78C11 /* LoginViewController.h */,
				CB44E8591AAE9E7D00A78C11 /* LoginViewController.m */,
				CB44E85A1AAE9E7D00A78C11 /* LoginViewController.xib */,
				CB44E85B1AAE9E7D00A78C11 /* MenuViewController.h */,
				CB44E85C1AAE9E7D00A78C11 /* MenuViewController.m */,
				CB44E85D1AAE9E7D00A78C11 /* MenuViewController.xib */,
				CB44E85E1AAE9E7D00A78C11 /* SettingsViewController.h */,
				CB44E85F1AAE9E7D00A78C11 /* SettingsViewController.m */,
				CB44E8601AAE9E7D00A78C11 /* SettingsViewController.xib */,
				CB44E8611AAE9E7D00A78C11 /* SignupViewController.h */,
				CB44E8621AAE9E7D00A78C11 /* SignupViewController.m */,
				CB44E8631AAE9E7D00A78C11 /* SignupViewController.xib */,
				CB44E8641AAE9E7D00A78C11 /* WelcomeViewController.h */,
				CB44E8651AAE9E7D00A78C11 /* WelcomeViewController.m */,
				CB44E8661AAE9E7D00A78C11 /* WelcomeViewController.xib */,
			);
			path = Controllers;
			sourceTree = "<group>";
		};
		CB44E8671AAE9E7D00A78C11 /* View */ = {
			isa = PBXGroup;
			children = (
				CB44E8681AAE9E7D00A78C11 /* AccountCell.h */,
				CB44E8691AAE9E7D00A78C11 /* AccountCell.m */,
				CB44E86A1AAE9E7D00A78C11 /* AccountCell.xib */,
				CB44E86B1AAE9E7D00A78C11 /* AddAccountCell.h */,
				CB44E86C1AAE9E7D00A78C11 /* AddAccountCell.m */,
				CB44E86D1AAE9E7D00A78C11 /* AddAccountCell.xib */,
				CB840D1E1ACAF38900F289A9 /* CameraViewCell.h */,
				CB840D1F1ACAF38900F289A9 /* CameraViewCell.m */,
				CB840D201ACAF38900F289A9 /* CameraViewCell.xib */,
			);
			path = View;
			sourceTree = "<group>";
		};
		CB840D141ACAF36D00F289A9 /* AsyncImageView */ = {
			isa = PBXGroup;
			children = (
				CB840D151ACAF36D00F289A9 /* AsyncImageView.h */,
				CB840D161ACAF36D00F289A9 /* AsyncImageView.m */,
				CB840D171ACAF36D00F289A9 /* ImageCache.h */,
				CB840D181ACAF36D00F289A9 /* ImageCache.m */,
				CB840D191ACAF36D00F289A9 /* ImageCacheObject.h */,
				CB840D1A1ACAF36D00F289A9 /* ImageCacheObject.m */,
			);
			path = AsyncImageView;
			sourceTree = "<group>";
		};
		CB9235EE1AB038EF0031E23A /* javawrapper */ = {
			isa = PBXGroup;
			children = (
				CB9235EF1AB038EF0031E23A /* API.java */,
				CB9235F01AB038EF0031E23A /* ApiKeyPair.java */,
				CB9235F11AB038EF0031E23A /* Auth.java */,
				CB9235F21AB038EF0031E23A /* Camera.java */,
				CB9235F31AB038EF0031E23A /* CameraBuilder.java */,
				CB9235F41AB038EF0031E23A /* CameraDetail.java */,
				CB9235F51AB038EF0031E23A /* CameraObject.java */,
				CB9235F61AB038EF0031E23A /* CameraShare.java */,
				CB9235F71AB038EF0031E23A /* Defaults.java */,
				CB9235F81AB038EF0031E23A /* ErrorResponse.java */,
				CB9235F91AB038EF0031E23A /* EvercamException.java */,
				CB9235FA1AB038EF0031E23A /* EvercamObject.java */,
				CB9235FB1AB038EF0031E23A /* Model.java */,
				CB9235FC1AB038EF0031E23A /* ModelsWithPaging.java */,
				CB9235FD1AB038EF0031E23A /* PatchCameraBuilder.java */,
				CB9235FE1AB038EF0031E23A /* PublicCamera.java */,
				CB9235FF1AB038EF0031E23A /* Right.java */,
				CB9236001AB038EF0031E23A /* Snapshot.java */,
				CB9236011AB038EF0031E23A /* SnapshotsWithPaging.java */,
				CB9236021AB038EF0031E23A /* User.java */,
				CB9236031AB038EF0031E23A /* UserDetail.java */,
				CB9236041AB038EF0031E23A /* Vendor.java */,
			);
			name = javawrapper;
			path = ../../../javawrapper;
			sourceTree = "<group>";
		};
/* End PBXGroup section */

/* Begin PBXNativeTarget section */
		CB1C764D1AAB144700680FE3 /* evercamPlay */ = {
			isa = PBXNativeTarget;
			buildConfigurationList = CB1C76711AAB144900680FE3 /* Build configuration list for PBXNativeTarget "evercamPlay" */;
			buildPhases = (
				CB1C764A1AAB144700680FE3 /* Sources */,
				CB1C764B1AAB144700680FE3 /* Frameworks */,
				CB1C764C1AAB144700680FE3 /* Resources */,
			);
			buildRules = (
			);
			dependencies = (
			);
			name = evercamPlay;
			productName = evercamPlay;
			productReference = CB1C764E1AAB144800680FE3 /* evercamPlay.app */;
			productType = "com.apple.product-type.application";
		};
		CB1C76661AAB144900680FE3 /* evercamPlayTests */ = {
			isa = PBXNativeTarget;
			buildConfigurationList = CB1C76741AAB144900680FE3 /* Build configuration list for PBXNativeTarget "evercamPlayTests" */;
			buildPhases = (
				CB1C76631AAB144900680FE3 /* Sources */,
				CB1C76641AAB144900680FE3 /* Frameworks */,
				CB1C76651AAB144900680FE3 /* Resources */,
			);
			buildRules = (
			);
			dependencies = (
				CB1C76691AAB144900680FE3 /* PBXTargetDependency */,
			);
			name = evercamPlayTests;
			productName = evercamPlayTests;
			productReference = CB1C76671AAB144900680FE3 /* evercamPlayTests.xctest */;
			productType = "com.apple.product-type.bundle.unit-test";
		};
/* End PBXNativeTarget section */

/* Begin PBXProject section */
		CB1C76461AAB144700680FE3 /* Project object */ = {
			isa = PBXProject;
			attributes = {
				LastUpgradeCheck = 0610;
				ORGANIZATIONNAME = evercom;
				TargetAttributes = {
					CB1C764D1AAB144700680FE3 = {
						CreatedOnToolsVersion = 6.1;
					};
					CB1C76661AAB144900680FE3 = {
						CreatedOnToolsVersion = 6.1;
						TestTargetID = CB1C764D1AAB144700680FE3;
					};
				};
			};
			buildConfigurationList = CB1C76491AAB144700680FE3 /* Build configuration list for PBXProject "evercamPlay" */;
			compatibilityVersion = "Xcode 3.2";
			developmentRegion = English;
			hasScannedForEncodings = 0;
			knownRegions = (
				en,
				Base,
			);
			mainGroup = CB1C76451AAB144700680FE3;
			productRefGroup = CB1C764F1AAB144800680FE3 /* Products */;
			projectDirPath = "";
			projectRoot = "";
			targets = (
				CB1C764D1AAB144700680FE3 /* evercamPlay */,
				CB1C76661AAB144900680FE3 /* evercamPlayTests */,
			);
		};
/* End PBXProject section */

/* Begin PBXResourcesBuildPhase section */
		CB1C764C1AAB144700680FE3 /* Resources */ = {
			isa = PBXResourcesBuildPhase;
			buildActionMask = 2147483647;
			files = (
				CB1C76CE1AAB871A00680FE3 /* ic_navigation_back.png in Resources */,
				CB1C76D01AAB871A00680FE3 /* ic_navigation_refresh.png in Resources */,
				CB1C76C71AAB871A00680FE3 /* ic_action_new.png in Resources */,
				CB1C76D71AAB871A00680FE3 /* play_page_intro.png in Resources */,
				CB44E86F1AAE9E7D00A78C11 /* AccountsViewController.xib in Resources */,
				CB44E87D1AAE9E7D00A78C11 /* WelcomeViewController.xib in Resources */,
				CB44E87B1AAE9E7D00A78C11 /* SignupViewController.xib in Resources */,
				CB1C76B31AAB871A00680FE3 /* btn_radio_off_disabled_holo_dark.png in Resources */,
				CB44E8731AAE9E7D00A78C11 /* FeedbackViewController.xib in Resources */,
				CB1C76D61AAB871A00680FE3 /* play_page_feature.png in Resources */,
				41BEFB7D1AD708730016ACCA /* icon_offline.png in Resources */,
				CB1C76BE1AAB871A00680FE3 /* dot_on_red.png in Resources */,
				CB44E8811AAE9E7D00A78C11 /* AddAccountCell.xib in Resources */,
				CB1C76B61AAB871A00680FE3 /* btn_radio_off_pressed_holo_dark.png in Resources */,
				CB1C76B21AAB871A00680FE3 /* btn_radio_off_disabled_focused_holo_dark.png in Resources */,
				CB1C76D11AAB871A00680FE3 /* ic_person.png in Resources */,
				CB44E8771AAE9E7D00A78C11 /* MenuViewController.xib in Resources */,
				CB1C76D51AAB871A00680FE3 /* icon_gallery.png in Resources */,
				CB840D221ACAF38900F289A9 /* CameraViewCell.xib in Resources */,
				CB1C76C11AAB871A00680FE3 /* evercamtheme_textfield_activated_holo_dark.9.png in Resources */,
				CB1C76C41AAB871A00680FE3 /* evercamtheme_textfield_disabled_holo_dark.9.png in Resources */,
				CB1C76CD1AAB871A00680FE3 /* ic_content_undo.png in Resources */,
				CB44E8711AAE9E7D00A78C11 /* CamerasViewController.xib in Resources */,
				CB1C76CB1AAB871A00680FE3 /* ic_add_person.png in Resources */,
				CB1C76B91AAB871A00680FE3 /* btn_radio_on_focused_holo_dark.png in Resources */,
				41BEFB431AD609A10016ACCA /* CameraPlayViewController.xib in Resources */,
				CB1C76B81AAB871A00680FE3 /* btn_radio_on_disabled_holo_dark.png in Resources */,
				CB1C76CA1AAB871A00680FE3 /* ic_action_save.png in Resources */,
				CB1C76B41AAB871A00680FE3 /* btn_radio_off_focused_holo_dark.png in Resources */,
				CB44E8831AAEA03300A78C11 /* Default-568h@2x.png in Resources */,
				CB1C76BD1AAB871A00680FE3 /* dot_off_red.png in Resources */,
				CB1C76BB1AAB871A00680FE3 /* btn_radio_on_pressed_holo_dark.png in Resources */,
				CB1C76CF1AAB871A00680FE3 /* ic_navigation_cancel.png in Resources */,
				CB1C765D1AAB144800680FE3 /* Main.storyboard in Resources */,
				CB1C76D21AAB871A00680FE3 /* evercam_icon.png in Resources */,
				CB1C76BC1AAB871A00680FE3 /* cam_unavailable.png in Resources */,
				CB1C76C81AAB871A00680FE3 /* ic_action_overflow.png in Resources */,
				CB44E87F1AAE9E7D00A78C11 /* AccountCell.xib in Resources */,
				CB1C76C61AAB871A00680FE3 /* hikvision.png in Resources */,
				CB44E8751AAE9E7D00A78C11 /* LoginViewController.xib in Resources */,
				CB1C76CC1AAB871A00680FE3 /* ic_clock.png in Resources */,
				CB44E8791AAE9E7D00A78C11 /* SettingsViewController.xib in Resources */,
				CB1C76B51AAB871A00680FE3 /* btn_radio_off_holo_dark.png in Resources */,
				CB1C765F1AAB144800680FE3 /* Images.xcassets in Resources */,
				CB1C76C91AAB871A00680FE3 /* ic_action_refresh.png in Resources */,
				CB1C76C21AAB871A00680FE3 /* evercamtheme_textfield_default_holo_dark.9.png in Resources */,
				CB1C76B71AAB871A00680FE3 /* btn_radio_on_disabled_focused_holo_dark.png in Resources */,
				CB1C76C51AAB871A00680FE3 /* evercamtheme_textfield_focused_holo_dark.9.png in Resources */,
				CB1C76BA1AAB871A00680FE3 /* btn_radio_on_holo_dark.png in Resources */,
				CB1C76D91AAB871A00680FE3 /* title_background.png in Resources */,
				CB1C76D81AAB871A00680FE3 /* play_page_next.png in Resources */,
				CB1C76C31AAB871A00680FE3 /* evercamtheme_textfield_disabled_focused_holo_dark.9.png in Resources */,
			);
			runOnlyForDeploymentPostprocessing = 0;
		};
		CB1C76651AAB144900680FE3 /* Resources */ = {
			isa = PBXResourcesBuildPhase;
			buildActionMask = 2147483647;
			files = (
			);
			runOnlyForDeploymentPostprocessing = 0;
		};
/* End PBXResourcesBuildPhase section */

/* Begin PBXSourcesBuildPhase section */
		CB1C764A1AAB144700680FE3 /* Sources */ = {
			isa = PBXSourcesBuildPhase;
			buildActionMask = 2147483647;
			files = (
				CB44E8741AAE9E7D00A78C11 /* LoginViewController.m in Sources */,
				CB44E8481AAE9DD800A78C11 /* UIImageView+AFNetworking.m in Sources */,
				CB01CDB71ABE057E00420CE1 /* EvercamCameraUtil.m in Sources */,
				CB44E8891AAED82000A78C11 /* AFEvercamAPIClient.m in Sources */,
				41BEFB5D1AD6D0630016ACCA /* gst-launch-remote.c in Sources */,
				CB44E84A1AAE9DD800A78C11 /* UIRefreshControl+AFNetworking.m in Sources */,
				CB44E87E1AAE9E7D00A78C11 /* AccountCell.m in Sources */,
				CB44E8411AAE9DD800A78C11 /* AFSecurityPolicy.m in Sources */,
				CB840D211ACAF38900F289A9 /* CameraViewCell.m in Sources */,
				41BEFB5B1AD6D0630016ACCA /* EaglUIVIew.m in Sources */,
				CB840D1D1ACAF36D00F289A9 /* ImageCacheObject.m in Sources */,
				CB01CDB01ABD675100420CE1 /* NIDropDown.m in Sources */,
				CB01CDB41ABDFC9F00420CE1 /* MBProgressHUD.m in Sources */,
				41BEFB421AD609A10016ACCA /* CameraPlayViewController.m in Sources */,
				CB44E84B1AAE9DD800A78C11 /* UIWebView+AFNetworking.m in Sources */,
				CB1C77151AAE1A4400680FE3 /* UIAlertController+NoBorderText.m in Sources */,
				CB44E83F1AAE9DD800A78C11 /* AFURLSessionManager.m in Sources */,
				CB44E87C1AAE9E7D00A78C11 /* WelcomeViewController.m in Sources */,
				CB840D1B1ACAF36D00F289A9 /* AsyncImageView.m in Sources */,
				CB44E83D1AAE9DD800A78C11 /* AFURLConnectionOperation.m in Sources */,
				CB01CDBA1AC00AFB00420CE1 /* EvercamCamera.m in Sources */,
				41BEFB5C1AD6D0630016ACCA /* gst_ios_init.m in Sources */,
				4157369D1AD59ED4005B38DF /* EvercamRights.m in Sources */,
				CB44E8781AAE9E7D00A78C11 /* SettingsViewController.m in Sources */,
				CB44E87A1AAE9E7D00A78C11 /* SignupViewController.m in Sources */,
				CB44E83E1AAE9DD800A78C11 /* AFHTTPSessionManager.m in Sources */,
				CB44E8491AAE9DD800A78C11 /* UIProgressView+AFNetworking.m in Sources */,
				CB44E8471AAE9DD800A78C11 /* UIButton+AFNetworking.m in Sources */,
				41208A351AD7244A009C4FC2 /* AppUser.xcdatamodeld in Sources */,
				CB44E8801AAE9E7D00A78C11 /* AddAccountCell.m in Sources */,
				CB44E83C1AAE9DD800A78C11 /* AFHTTPRequestOperationManager.m in Sources */,
				CB44E8431AAE9DD800A78C11 /* AFURLResponseSerialization.m in Sources */,
				CB1C76571AAB144800680FE3 /* AppDelegate.m in Sources */,
				CB44E8861AAED4E700A78C11 /* EvercamShell.m in Sources */,
				CB44E8461AAE9DD800A78C11 /* UIAlertView+AFNetworking.m in Sources */,
				CB44E88C1AAEDD2D00A78C11 /* EvercamApiKeyPair.m in Sources */,
				CB44E8761AAE9E7D00A78C11 /* MenuViewController.m in Sources */,
				CB44E8421AAE9DD800A78C11 /* AFURLRequestSerialization.m in Sources */,
				CB1C76541AAB144800680FE3 /* main.m in Sources */,
				CB1C767B1AAB7DE900680FE3 /* SWRevealViewController.m in Sources */,
				CB92361D1AB2DABF0031E23A /* EvercamUser.m in Sources */,
				CB840D1C1ACAF36D00F289A9 /* ImageCache.m in Sources */,
				CB1C76FC1AAD834700680FE3 /* UILabel+ActionSheet.m in Sources */,
				CB44E8441AAE9DD800A78C11 /* AFNetworkActivityIndicatorManager.m in Sources */,
				41208A441AD8482B009C4FC2 /* PreferenceUtil.m in Sources */,
				CB44E8701AAE9E7D00A78C11 /* CamerasViewController.m in Sources */,
				CB44E83B1AAE9DD800A78C11 /* AFHTTPRequestOperation.m in Sources */,
				CB44E86E1AAE9E7D00A78C11 /* AccountsViewController.m in Sources */,
				CB44E8451AAE9DD800A78C11 /* UIActivityIndicatorView+AFNetworking.m in Sources */,
				41208A3C1AD725CC009C4FC2 /* AppUser.m in Sources */,
				41208A4F1AD8DCAA009C4FC2 /* CustomNavigationController.m in Sources */,
				CB44E8401AAE9DD800A78C11 /* AFNetworkReachabilityManager.m in Sources */,
				CB44E8721AAE9E7D00A78C11 /* FeedbackViewController.m in Sources */,
			);
			runOnlyForDeploymentPostprocessing = 0;
		};
		CB1C76631AAB144900680FE3 /* Sources */ = {
			isa = PBXSourcesBuildPhase;
			buildActionMask = 2147483647;
			files = (
				CB1C766E1AAB144900680FE3 /* evercamPlayTests.m in Sources */,
			);
			runOnlyForDeploymentPostprocessing = 0;
		};
/* End PBXSourcesBuildPhase section */

/* Begin PBXTargetDependency section */
		CB1C76691AAB144900680FE3 /* PBXTargetDependency */ = {
			isa = PBXTargetDependency;
			target = CB1C764D1AAB144700680FE3 /* evercamPlay */;
			targetProxy = CB1C76681AAB144900680FE3 /* PBXContainerItemProxy */;
		};
/* End PBXTargetDependency section */

/* Begin PBXVariantGroup section */
		CB1C765B1AAB144800680FE3 /* Main.storyboard */ = {
			isa = PBXVariantGroup;
			children = (
				CB1C765C1AAB144800680FE3 /* Base */,
			);
			name = Main.storyboard;
			sourceTree = "<group>";
		};
/* End PBXVariantGroup section */

/* Begin XCBuildConfiguration section */
		CB1C766F1AAB144900680FE3 /* Debug */ = {
			isa = XCBuildConfiguration;
			buildSettings = {
				ALWAYS_SEARCH_USER_PATHS = NO;
				CLANG_CXX_LANGUAGE_STANDARD = "gnu++0x";
				CLANG_CXX_LIBRARY = "libc++";
				CLANG_ENABLE_MODULES = YES;
				CLANG_ENABLE_OBJC_ARC = YES;
				CLANG_WARN_BOOL_CONVERSION = YES;
				CLANG_WARN_CONSTANT_CONVERSION = YES;
				CLANG_WARN_DIRECT_OBJC_ISA_USAGE = YES_ERROR;
				CLANG_WARN_EMPTY_BODY = YES;
				CLANG_WARN_ENUM_CONVERSION = YES;
				CLANG_WARN_INT_CONVERSION = YES;
				CLANG_WARN_OBJC_ROOT_CLASS = YES_ERROR;
				CLANG_WARN_UNREACHABLE_CODE = YES;
				CLANG_WARN__DUPLICATE_METHOD_MATCH = YES;
				"CODE_SIGN_IDENTITY[sdk=iphoneos*]" = "iPhone Developer";
				COPY_PHASE_STRIP = NO;
				ENABLE_STRICT_OBJC_MSGSEND = YES;
				GCC_C_LANGUAGE_STANDARD = gnu99;
				GCC_DYNAMIC_NO_PIC = NO;
				GCC_OPTIMIZATION_LEVEL = 0;
				GCC_PREPROCESSOR_DEFINITIONS = (
					"DEBUG=1",
					"$(inherited)",
				);
				GCC_SYMBOLS_PRIVATE_EXTERN = NO;
				GCC_WARN_64_TO_32_BIT_CONVERSION = YES;
				GCC_WARN_ABOUT_RETURN_TYPE = YES_ERROR;
				GCC_WARN_UNDECLARED_SELECTOR = YES;
				GCC_WARN_UNINITIALIZED_AUTOS = YES_AGGRESSIVE;
				GCC_WARN_UNUSED_FUNCTION = YES;
				GCC_WARN_UNUSED_VARIABLE = YES;
				IPHONEOS_DEPLOYMENT_TARGET = 8.0;
				MTL_ENABLE_DEBUG_INFO = YES;
				ONLY_ACTIVE_ARCH = YES;
				SDKROOT = iphoneos;
			};
			name = Debug;
		};
		CB1C76701AAB144900680FE3 /* Release */ = {
			isa = XCBuildConfiguration;
			buildSettings = {
				ALWAYS_SEARCH_USER_PATHS = NO;
				CLANG_CXX_LANGUAGE_STANDARD = "gnu++0x";
				CLANG_CXX_LIBRARY = "libc++";
				CLANG_ENABLE_MODULES = YES;
				CLANG_ENABLE_OBJC_ARC = YES;
				CLANG_WARN_BOOL_CONVERSION = YES;
				CLANG_WARN_CONSTANT_CONVERSION = YES;
				CLANG_WARN_DIRECT_OBJC_ISA_USAGE = YES_ERROR;
				CLANG_WARN_EMPTY_BODY = YES;
				CLANG_WARN_ENUM_CONVERSION = YES;
				CLANG_WARN_INT_CONVERSION = YES;
				CLANG_WARN_OBJC_ROOT_CLASS = YES_ERROR;
				CLANG_WARN_UNREACHABLE_CODE = YES;
				CLANG_WARN__DUPLICATE_METHOD_MATCH = YES;
				"CODE_SIGN_IDENTITY[sdk=iphoneos*]" = "iPhone Developer";
				COPY_PHASE_STRIP = YES;
				ENABLE_NS_ASSERTIONS = NO;
				ENABLE_STRICT_OBJC_MSGSEND = YES;
				GCC_C_LANGUAGE_STANDARD = gnu99;
				GCC_WARN_64_TO_32_BIT_CONVERSION = YES;
				GCC_WARN_ABOUT_RETURN_TYPE = YES_ERROR;
				GCC_WARN_UNDECLARED_SELECTOR = YES;
				GCC_WARN_UNINITIALIZED_AUTOS = YES_AGGRESSIVE;
				GCC_WARN_UNUSED_FUNCTION = YES;
				GCC_WARN_UNUSED_VARIABLE = YES;
				IPHONEOS_DEPLOYMENT_TARGET = 8.0;
				MTL_ENABLE_DEBUG_INFO = NO;
				SDKROOT = iphoneos;
				VALIDATE_PRODUCT = YES;
			};
			name = Release;
		};
		CB1C76721AAB144900680FE3 /* Debug */ = {
			isa = XCBuildConfiguration;
			buildSettings = {
				ARCHS = armv7;
				ASSETCATALOG_COMPILER_APPICON_NAME = AppIcon;
				CODE_SIGN_IDENTITY = "iPhone Developer";
				FRAMEWORK_SEARCH_PATHS = (
					"$(inherited)",
					"$(PROJECT_DIR)",
					"~/Library/Developer/GStreamer/iPhone.sdk",
					"$(USER_LIBRARY_DIR)/Developer/GStreamer/iPhone.sdk",
				);
				HEADER_SEARCH_PATHS = (
					"$(inherited)",
					/Applications/Xcode.app/Contents/Developer/Toolchains/XcodeDefault.xctoolchain/usr/include,
					"\"~/Library/Developer/GStreamer/iPhone.sdk/GStreamer.framework/Headers\"",
				);
				INFOPLIST_FILE = evercamPlay/Info.plist;
				LD_RUNPATH_SEARCH_PATHS = "$(inherited) @executable_path/Frameworks";
				PRODUCT_NAME = "$(TARGET_NAME)";
			};
			name = Debug;
		};
		CB1C76731AAB144900680FE3 /* Release */ = {
			isa = XCBuildConfiguration;
			buildSettings = {
				ARCHS = armv7;
				ASSETCATALOG_COMPILER_APPICON_NAME = AppIcon;
				CODE_SIGN_IDENTITY = "iPhone Developer";
				FRAMEWORK_SEARCH_PATHS = (
					"$(inherited)",
					"$(PROJECT_DIR)",
					"~/Library/Developer/GStreamer/iPhone.sdk",
					"$(USER_LIBRARY_DIR)/Developer/GStreamer/iPhone.sdk",
				);
				HEADER_SEARCH_PATHS = (
					"$(inherited)",
					/Applications/Xcode.app/Contents/Developer/Toolchains/XcodeDefault.xctoolchain/usr/include,
					"\"~/Library/Developer/GStreamer/iPhone.sdk/GStreamer.framework/Headers\"",
				);
				INFOPLIST_FILE = evercamPlay/Info.plist;
				LD_RUNPATH_SEARCH_PATHS = "$(inherited) @executable_path/Frameworks";
				PRODUCT_NAME = "$(TARGET_NAME)";
			};
			name = Release;
		};
		CB1C76751AAB144900680FE3 /* Debug */ = {
			isa = XCBuildConfiguration;
			buildSettings = {
				BUNDLE_LOADER = "$(TEST_HOST)";
				FRAMEWORK_SEARCH_PATHS = (
					"$(SDKROOT)/Developer/Library/Frameworks",
					"$(inherited)",
				);
				GCC_PREPROCESSOR_DEFINITIONS = (
					"DEBUG=1",
					"$(inherited)",
				);
				INFOPLIST_FILE = evercamPlayTests/Info.plist;
				LD_RUNPATH_SEARCH_PATHS = "$(inherited) @executable_path/Frameworks @loader_path/Frameworks";
				PRODUCT_NAME = "$(TARGET_NAME)";
				TEST_HOST = "$(BUILT_PRODUCTS_DIR)/evercamPlay.app/evercamPlay";
			};
			name = Debug;
		};
		CB1C76761AAB144900680FE3 /* Release */ = {
			isa = XCBuildConfiguration;
			buildSettings = {
				BUNDLE_LOADER = "$(TEST_HOST)";
				FRAMEWORK_SEARCH_PATHS = (
					"$(SDKROOT)/Developer/Library/Frameworks",
					"$(inherited)",
				);
				INFOPLIST_FILE = evercamPlayTests/Info.plist;
				LD_RUNPATH_SEARCH_PATHS = "$(inherited) @executable_path/Frameworks @loader_path/Frameworks";
				PRODUCT_NAME = "$(TARGET_NAME)";
				TEST_HOST = "$(BUILT_PRODUCTS_DIR)/evercamPlay.app/evercamPlay";
			};
			name = Release;
		};
/* End XCBuildConfiguration section */

/* Begin XCConfigurationList section */
		CB1C76491AAB144700680FE3 /* Build configuration list for PBXProject "evercamPlay" */ = {
			isa = XCConfigurationList;
			buildConfigurations = (
				CB1C766F1AAB144900680FE3 /* Debug */,
				CB1C76701AAB144900680FE3 /* Release */,
			);
			defaultConfigurationIsVisible = 0;
			defaultConfigurationName = Release;
		};
		CB1C76711AAB144900680FE3 /* Build configuration list for PBXNativeTarget "evercamPlay" */ = {
			isa = XCConfigurationList;
			buildConfigurations = (
				CB1C76721AAB144900680FE3 /* Debug */,
				CB1C76731AAB144900680FE3 /* Release */,
			);
			defaultConfigurationIsVisible = 0;
			defaultConfigurationName = Release;
		};
		CB1C76741AAB144900680FE3 /* Build configuration list for PBXNativeTarget "evercamPlayTests" */ = {
			isa = XCConfigurationList;
			buildConfigurations = (
				CB1C76751AAB144900680FE3 /* Debug */,
				CB1C76761AAB144900680FE3 /* Release */,
			);
			defaultConfigurationIsVisible = 0;
			defaultConfigurationName = Release;
		};
/* End XCConfigurationList section */

/* Begin XCVersionGroup section */
		41208A331AD7244A009C4FC2 /* AppUser.xcdatamodeld */ = {
			isa = XCVersionGroup;
			children = (
				41208A341AD7244A009C4FC2 /* AppUser.xcdatamodel */,
			);
			currentVersion = 41208A341AD7244A009C4FC2 /* AppUser.xcdatamodel */;
			path = AppUser.xcdatamodeld;
			sourceTree = "<group>";
			versionGroupType = wrapper.xcdatamodel;
		};
/* End XCVersionGroup section */
	};
	rootObject = CB1C76461AAB144700680FE3 /* Project object */;
}
