PODS:
  - ActionSheetPicker-3.0 (2.2.0)
  - AFNetworking (3.1.0):
    - AFNetworking/NSURLSession (= 3.1.0)
    - AFNetworking/Reachability (= 3.1.0)
    - AFNetworking/Security (= 3.1.0)
    - AFNetworking/Serialization (= 3.1.0)
    - AFNetworking/UIKit (= 3.1.0)
  - AFNetworking/NSURLSession (3.1.0):
    - AFNetworking/Reachability
    - AFNetworking/Security
    - AFNetworking/Serialization
  - AFNetworking/Reachability (3.1.0)
  - AFNetworking/Security (3.1.0)
  - AFNetworking/Serialization (3.1.0)
  - AFNetworking/UIKit (3.1.0):
    - AFNetworking/NSURLSession
  - Crashlytics (3.8.5):
    - Fabric (~> 1.6.3)
  - Fabric (1.6.12)
  - Firebase/Core (4.0.4):
    - FirebaseAnalytics (= 4.0.2)
    - FirebaseCore (= 4.0.4)
  - Firebase/Crash (4.0.4):
    - Firebase/Core
    - FirebaseCrash (= 2.0.0)
  - FirebaseAnalytics (4.0.2):
    - FirebaseCore (~> 4.0)
    - FirebaseInstanceID (~> 2.0)
    - GoogleToolboxForMac/NSData+zlib (~> 2.1)
  - FirebaseCore (4.0.4):
    - GoogleToolboxForMac/NSData+zlib (~> 2.1)
    - nanopb (~> 0.3)
  - FirebaseCrash (2.0.0):
    - FirebaseAnalytics (~> 4.0)
    - FirebaseInstanceID (~> 2.0)
    - GoogleToolboxForMac/Logger (~> 2.1)
    - GoogleToolboxForMac/NSData+zlib (~> 2.1)
    - Protobuf (~> 3.1)
  - FirebaseInstanceID (2.0.0):
    - FirebaseCore (~> 4.0)
  - google-cast-sdk (3.5.2):
    - google-cast-sdk/Core (= 3.5.2)
  - google-cast-sdk/Core (3.5.2)
  - GoogleToolboxForMac/Defines (2.1.1)
  - GoogleToolboxForMac/Logger (2.1.1):
    - GoogleToolboxForMac/Defines (= 2.1.1)
  - GoogleToolboxForMac/NSData+zlib (2.1.1):
    - GoogleToolboxForMac/Defines (= 2.1.1)
  - INTULocationManager (4.2.0)
  - Mixpanel (3.1.9)
  - nanopb (0.3.8):
    - nanopb/decode (= 0.3.8)
    - nanopb/encode (= 0.3.8)
  - nanopb/decode (0.3.8)
  - nanopb/encode (0.3.8)
  - PhoenixClient (1.1.0):
    - SocketRocket (= 0.4.2)
  - Protobuf (3.3.0)
  - SocketRocket (0.4.2)
  - Unirest (1.1.4)

DEPENDENCIES:
  - ActionSheetPicker-3.0
  - AFNetworking (~> 3.0)
  - Crashlytics
  - Fabric
  - Firebase/Core
  - Firebase/Crash
  - google-cast-sdk
  - INTULocationManager
  - Mixpanel
  - PhoenixClient
  - Unirest

SPEC CHECKSUMS:
  ActionSheetPicker-3.0: d11a4c12c6aaf704b8a3f56d179198c99f3e41e6
  AFNetworking: 5e0e199f73d8626b11e79750991f5d173d1f8b67
  Crashlytics: dfbae35ef22ca189240d230ad501feea4ee85d2d
  Fabric: f050464eac45a2ce5a8e6e6a07e977c0df32fe28
  Firebase: 1492bf04e1b73a7353b4fb2cf5a20bac9692f341
  FirebaseAnalytics: ad41720e3e67fc63fbe3d2948d3e26932a8de311
  FirebaseCore: cfc042628ef9f20debe09c0eb683135fcd404cb4
  FirebaseCrash: 600ec2cbd8e10c3064a42de2c6ee7687bd02a076
  FirebaseInstanceID: 9fbf536668f4d3f0880e7438456dabd1376e294b
  google-cast-sdk: 6f2d788ef20f2e750360f632996fa038aca329ea
  GoogleToolboxForMac: 8e329f1b599f2512c6b10676d45736bcc2cbbeb0
  INTULocationManager: 73f8254b3d05c897c56bb13c190e5b7c648c0998
  Mixpanel: 57923411aec1a1c7926efbb158f0bbd4460803fa
  nanopb: 5601e6bca2dbf1ed831b519092ec110f66982ca3
  PhoenixClient: bb4b343dc16df49ad168c7833a06b0953f991df3
  Protobuf: d582fecf68201eac3d79ed61369ef45734394b9c
  SocketRocket: ffe08119b00ef982f6c37052a4705a057c8494ad
  Unirest: 5e4d93eaf32463bf619a4ecd3bbc8c32acf21eac

PODFILE CHECKSUM: dbff7038a81a9d9000cf104fe200e2b00c383302

COCOAPODS: 1.2.1
