PODS:
  - AFNetworking (2.6.3):
    - AFNetworking/NSURLConnection (= 2.6.3)
    - AFNetworking/NSURLSession (= 2.6.3)
    - AFNetworking/Reachability (= 2.6.3)
    - AFNetworking/Security (= 2.6.3)
    - AFNetworking/Serialization (= 2.6.3)
    - AFNetworking/UIKit (= 2.6.3)
  - AFNetworking/NSURLConnection (2.6.3):
    - AFNetworking/Reachability
    - AFNetworking/Security
    - AFNetworking/Serialization
  - AFNetworking/NSURLSession (2.6.3):
    - AFNetworking/Reachability
    - AFNetworking/Security
    - AFNetworking/Serialization
  - AFNetworking/Reachability (2.6.3)
  - AFNetworking/Security (2.6.3)
  - AFNetworking/Serialization (2.6.3)
  - AFNetworking/UIKit (2.6.3):
    - AFNetworking/NSURLConnection
    - AFNetworking/NSURLSession
  - Crashlytics (3.7.0):
    - Fabric (~> 1.6.3)
  - Evercam (1.0.7):
    - AFNetworking (~> 2.3)
  - Fabric (1.6.7)
  - Mixpanel (2.9.6):
    - Mixpanel/Mixpanel (= 2.9.6)
  - Mixpanel/Mixpanel (2.9.6)

DEPENDENCIES:
  - AFNetworking (~> 2.3)
  - Crashlytics
  - Evercam
  - Fabric
  - Mixpanel

SPEC CHECKSUMS:
  AFNetworking: cb8d14a848e831097108418f5d49217339d4eb60
  Crashlytics: c3a2333dea9e2733d2777f730910321fc9e25c0d
  Evercam: 1452c9b3aac27e7c900fb3eaed9a238806d9123b
  Fabric: caf7580c725e64db144f610ac65cd60956911dc7
  Mixpanel: 048a9f2512ac1bb8bfdecf719da024873f50a9c2

COCOAPODS: 0.39.0
